
Microsoft Visual Studio Solution File, Format Version 12.00
# Visual Studio Version 17
VisualStudioVersion = 17.12.35527.113
MinimumVisualStudioVersion = 10.0.40219.1
Project("{2150E333-8FDC-42A3-9474-1A3956D46DE8}") = "Cloud", "Cloud", "{4E3671ED-E228-45D2-AA69-638315BF1822}"
EndProject
Project("{2150E333-8FDC-42A3-9474-1A3956D46DE8}") = "Examples", "Examples", "{1D4011D4-6726-43F6-83B1-5AF22757F1CB}"
EndProject
Project("{2150E333-8FDC-42A3-9474-1A3956D46DE8}") = "OnPremise", "OnPremise", "{CC5161A2-E039-4218-ADDE-07BDE203CBFA}"
EndProject
Project("{2150E333-8FDC-42A3-9474-1A3956D46DE8}") = "Tests", "Tests", "{ECDB9D3A-5695-41C2-99D5-AB3562DA22B1}"
EndProject
Project("{9A19103F-16F7-4668-BE54-9A1E7A4F7556}") = "FiftyOne.IpIntelligence.Engine.OnPremise", "FiftyOne.IpIntelligence\FiftyOne.IpIntelligence.Engine.OnPremise\FiftyOne.IpIntelligence.Engine.OnPremise.csproj", "{7F0C9119-057E-4552-BCCB-3A00756154ED}"
EndProject
Project("{9A19103F-16F7-4668-BE54-9A1E7A4F7556}") = "FiftyOne.IpIntelligence.Shared", "FiftyOne.IpIntelligence\FiftyOne.IpIntelligence.Shared\FiftyOne.IpIntelligence.Shared.csproj", "{0D058D42-8120-43EE-9DAA-A017C8B8C935}"
EndProject
Project("{9A19103F-16F7-4668-BE54-9A1E7A4F7556}") = "FiftyOne.IpIntelligence", "FiftyOne.IpIntelligence\FiftyOne.IpIntelligence\FiftyOne.IpIntelligence.csproj", "{E4F93519-34F3-48F6-9930-16F062F79EAD}"
EndProject
Project("{9A19103F-16F7-4668-BE54-9A1E7A4F7556}") = "FiftyOne.IpIntelligence.Cloud", "FiftyOne.IpIntelligence\FiftyOne.IpIntelligence.Cloud\FiftyOne.IpIntelligence.Cloud.csproj", "{2C74BAF4-73B3-4C0A-B5B2-0917BE6F6DBA}"
EndProject
Project("{9A19103F-16F7-4668-BE54-9A1E7A4F7556}") = "FiftyOne.IpIntelligence.Tests.Core", "FiftyOne.IpIntelligence\Tests\FiftyOne.IpIntelligence.Tests.Core\FiftyOne.IpIntelligence.Tests.Core.csproj", "{E039FAA1-583D-4D9B-9827-B84D0DFF76C0}"
EndProject
Project("{9A19103F-16F7-4668-BE54-9A1E7A4F7556}") = "FiftyOne.IpIntelligence.TestHelpers", "FiftyOne.IpIntelligence\Tests\FiftyOne.IpIntelligence.TestHelpers\FiftyOne.IpIntelligence.TestHelpers.csproj", "{92AED47A-87F2-4DD3-95F0-4B5F8767A0AB}"
EndProject
Project("{9A19103F-16F7-4668-BE54-9A1E7A4F7556}") = "FiftyOne.IpIntelligence.Examples", "FiftyOne.IpIntelligence\Examples\FiftyOne.IpIntelligence.Examples\FiftyOne.IpIntelligence.Examples.csproj", "{6E062311-B25D-42F3-978F-6868CED67942}"
EndProject
Project("{9A19103F-16F7-4668-BE54-9A1E7A4F7556}") = "FiftyOne.IpIntelligence.OnPremise.Tests", "FiftyOne.IpIntelligence\Tests\FiftyOne.IpIntelligence.OnPremise.Tests\FiftyOne.IpIntelligence.OnPremise.Tests.csproj", "{CFC9BCB7-1908-4413-8DEC-A2F83596192C}"
EndProject
Project("{9A19103F-16F7-4668-BE54-9A1E7A4F7556}") = "FiftyOne.IpIntelligence.CloudTests", "FiftyOne.IpIntelligence\Tests\FiftyOne.IpIntelligence.CloudTests\FiftyOne.IpIntelligence.CloudTests.csproj", "{4AC08D2B-48DD-4A36-B7F8-5FD768EDD5C6}"
EndProject
Project("{2150E333-8FDC-42A3-9474-1A3956D46DE8}") = "OnPremise", "OnPremise", "{C21687C0-CBEF-43B0-A950-2D0BF31F5B92}"
EndProject
Project("{FAE04EC0-301F-11D3-BF4B-00C04F79EFBC}") = "GettingStarted-Console", "FiftyOne.IpIntelligence\Examples\OnPremise\GettingStarted-Console\GettingStarted-Console.csproj", "{D1EDC50D-2C53-4339-B3C3-A9B0FFD1347D}"
EndProject
Project("{FAE04EC0-301F-11D3-BF4B-00C04F79EFBC}") = "UpdateDataFile-Console", "FiftyOne.IpIntelligence\Examples\OnPremise\UpdateDataFile-Console\UpdateDataFile-Console.csproj", "{FB95E20A-AB97-4799-9AC9-67D0C75769A3}"
EndProject
Project("{FAE04EC0-301F-11D3-BF4B-00C04F79EFBC}") = "OfflineProcessing-Console", "FiftyOne.IpIntelligence\Examples\OnPremise\OfflineProcessing-Console\OfflineProcessing-Console.csproj", "{69E076B4-5D89-4342-976D-C2E09C63DDA3}"
EndProject
Project("{FAE04EC0-301F-11D3-BF4B-00C04F79EFBC}") = "Metadata-Console", "FiftyOne.IpIntelligence\Examples\OnPremise\Metadata-Console\Metadata-Console.csproj", "{95A12C9A-94F1-4E5A-A60D-AFBF92078302}"
EndProject
Project("{FAE04EC0-301F-11D3-BF4B-00C04F79EFBC}") = "Performance-Console", "FiftyOne.IpIntelligence\Examples\OnPremise\Performance-Console\Performance-Console.csproj", "{78076324-C3CF-4698-A487-DF57DA0DD113}"
EndProject
Project("{FAE04EC0-301F-11D3-BF4B-00C04F79EFBC}") = "GettingStarted-Web", "FiftyOne.IpIntelligence\Examples\OnPremise\GettingStarted-Web\GettingStarted-Web.csproj", "{3F6EF5A7-9C6E-4695-9B7B-30324CDC4066}"
EndProject
Project("{FAE04EC0-301F-11D3-BF4B-00C04F79EFBC}") = "Framework-Web", "FiftyOne.IpIntelligence\Examples\OnPremise\Framework-Web\Framework-Web.csproj", "{8A145E60-3FAC-421B-9EBB-732F86A07395}"
EndProject
Global
	GlobalSection(SolutionConfigurationPlatforms) = preSolution
		Debug|Any CPU = Debug|Any CPU
		Debug|ARM64 = Debug|ARM64
		Debug|x64 = Debug|x64
		Debug|x86 = Debug|x86
		Debug-MemoryOnly|Any CPU = Debug-MemoryOnly|Any CPU
		Debug-MemoryOnly|ARM64 = Debug-MemoryOnly|ARM64
		Debug-MemoryOnly|x64 = Debug-MemoryOnly|x64
		Debug-MemoryOnly|x86 = Debug-MemoryOnly|x86
		Debug-Single|Any CPU = Debug-Single|Any CPU
		Debug-Single|ARM64 = Debug-Single|ARM64
		Debug-Single|x64 = Debug-Single|x64
		Debug-Single|x86 = Debug-Single|x86
		Release|Any CPU = Release|Any CPU
		Release|ARM64 = Release|ARM64
		Release|x64 = Release|x64
		Release|x86 = Release|x86
		Release-MemoryOnly|Any CPU = Release-MemoryOnly|Any CPU
		Release-MemoryOnly|ARM64 = Release-MemoryOnly|ARM64
		Release-MemoryOnly|x64 = Release-MemoryOnly|x64
		Release-MemoryOnly|x86 = Release-MemoryOnly|x86
		Release-Single|Any CPU = Release-Single|Any CPU
		Release-Single|ARM64 = Release-Single|ARM64
		Release-Single|x64 = Release-Single|x64
		Release-Single|x86 = Release-Single|x86
	EndGlobalSection
	GlobalSection(ProjectConfigurationPlatforms) = postSolution
		{7F0C9119-057E-4552-BCCB-3A00756154ED}.Debug|Any CPU.ActiveCfg = Debug|x86
		{7F0C9119-057E-4552-BCCB-3A00756154ED}.Debug|Any CPU.Build.0 = Debug|x86
		{7F0C9119-057E-4552-BCCB-3A00756154ED}.Debug|ARM64.ActiveCfg = Debug|x64
		{7F0C9119-057E-4552-BCCB-3A00756154ED}.Debug|ARM64.Build.0 = Debug|x64
		{7F0C9119-057E-4552-BCCB-3A00756154ED}.Debug|x64.ActiveCfg = Debug|x64
		{7F0C9119-057E-4552-BCCB-3A00756154ED}.Debug|x64.Build.0 = Debug|x64
		{7F0C9119-057E-4552-BCCB-3A00756154ED}.Debug|x86.ActiveCfg = Debug|x86
		{7F0C9119-057E-4552-BCCB-3A00756154ED}.Debug|x86.Build.0 = Debug|x86
		{7F0C9119-057E-4552-BCCB-3A00756154ED}.Debug-MemoryOnly|Any CPU.ActiveCfg = Release|x86
		{7F0C9119-057E-4552-BCCB-3A00756154ED}.Debug-MemoryOnly|Any CPU.Build.0 = Release|x86
		{7F0C9119-057E-4552-BCCB-3A00756154ED}.Debug-MemoryOnly|ARM64.ActiveCfg = Debug|x64
		{7F0C9119-057E-4552-BCCB-3A00756154ED}.Debug-MemoryOnly|ARM64.Build.0 = Debug|x64
		{7F0C9119-057E-4552-BCCB-3A00756154ED}.Debug-MemoryOnly|x64.ActiveCfg = Debug|x64
		{7F0C9119-057E-4552-BCCB-3A00756154ED}.Debug-MemoryOnly|x64.Build.0 = Debug|x64
		{7F0C9119-057E-4552-BCCB-3A00756154ED}.Debug-MemoryOnly|x86.ActiveCfg = Debug|x86
		{7F0C9119-057E-4552-BCCB-3A00756154ED}.Debug-MemoryOnly|x86.Build.0 = Debug|x86
		{7F0C9119-057E-4552-BCCB-3A00756154ED}.Debug-Single|Any CPU.ActiveCfg = Release|x86
		{7F0C9119-057E-4552-BCCB-3A00756154ED}.Debug-Single|Any CPU.Build.0 = Release|x86
		{7F0C9119-057E-4552-BCCB-3A00756154ED}.Debug-Single|ARM64.ActiveCfg = Debug|x64
		{7F0C9119-057E-4552-BCCB-3A00756154ED}.Debug-Single|ARM64.Build.0 = Debug|x64
		{7F0C9119-057E-4552-BCCB-3A00756154ED}.Debug-Single|x64.ActiveCfg = Debug|x64
		{7F0C9119-057E-4552-BCCB-3A00756154ED}.Debug-Single|x64.Build.0 = Debug|x64
		{7F0C9119-057E-4552-BCCB-3A00756154ED}.Debug-Single|x86.ActiveCfg = Debug|x86
		{7F0C9119-057E-4552-BCCB-3A00756154ED}.Debug-Single|x86.Build.0 = Debug|x86
		{7F0C9119-057E-4552-BCCB-3A00756154ED}.Release|Any CPU.ActiveCfg = Release|x86
		{7F0C9119-057E-4552-BCCB-3A00756154ED}.Release|Any CPU.Build.0 = Release|x86
		{7F0C9119-057E-4552-BCCB-3A00756154ED}.Release|ARM64.ActiveCfg = Release|x64
		{7F0C9119-057E-4552-BCCB-3A00756154ED}.Release|ARM64.Build.0 = Release|x64
		{7F0C9119-057E-4552-BCCB-3A00756154ED}.Release|x64.ActiveCfg = Release|x64
		{7F0C9119-057E-4552-BCCB-3A00756154ED}.Release|x64.Build.0 = Release|x64
		{7F0C9119-057E-4552-BCCB-3A00756154ED}.Release|x86.ActiveCfg = Release|x86
		{7F0C9119-057E-4552-BCCB-3A00756154ED}.Release|x86.Build.0 = Release|x86
		{7F0C9119-057E-4552-BCCB-3A00756154ED}.Release-MemoryOnly|Any CPU.ActiveCfg = Release|x86
		{7F0C9119-057E-4552-BCCB-3A00756154ED}.Release-MemoryOnly|Any CPU.Build.0 = Release|x86
		{7F0C9119-057E-4552-BCCB-3A00756154ED}.Release-MemoryOnly|ARM64.ActiveCfg = Release|x64
		{7F0C9119-057E-4552-BCCB-3A00756154ED}.Release-MemoryOnly|ARM64.Build.0 = Release|x64
		{7F0C9119-057E-4552-BCCB-3A00756154ED}.Release-MemoryOnly|x64.ActiveCfg = Release|x64
		{7F0C9119-057E-4552-BCCB-3A00756154ED}.Release-MemoryOnly|x64.Build.0 = Release|x64
		{7F0C9119-057E-4552-BCCB-3A00756154ED}.Release-MemoryOnly|x86.ActiveCfg = Release|x86
		{7F0C9119-057E-4552-BCCB-3A00756154ED}.Release-MemoryOnly|x86.Build.0 = Release|x86
		{7F0C9119-057E-4552-BCCB-3A00756154ED}.Release-Single|Any CPU.ActiveCfg = Release|x86
		{7F0C9119-057E-4552-BCCB-3A00756154ED}.Release-Single|Any CPU.Build.0 = Release|x86
		{7F0C9119-057E-4552-BCCB-3A00756154ED}.Release-Single|ARM64.ActiveCfg = Release|x64
		{7F0C9119-057E-4552-BCCB-3A00756154ED}.Release-Single|ARM64.Build.0 = Release|x64
		{7F0C9119-057E-4552-BCCB-3A00756154ED}.Release-Single|x64.ActiveCfg = Release|x64
		{7F0C9119-057E-4552-BCCB-3A00756154ED}.Release-Single|x64.Build.0 = Release|x64
		{7F0C9119-057E-4552-BCCB-3A00756154ED}.Release-Single|x86.ActiveCfg = Release|x86
		{7F0C9119-057E-4552-BCCB-3A00756154ED}.Release-Single|x86.Build.0 = Release|x86
		{0D058D42-8120-43EE-9DAA-A017C8B8C935}.Debug|Any CPU.ActiveCfg = Debug|Any CPU
		{0D058D42-8120-43EE-9DAA-A017C8B8C935}.Debug|Any CPU.Build.0 = Debug|Any CPU
		{0D058D42-8120-43EE-9DAA-A017C8B8C935}.Debug|ARM64.ActiveCfg = Debug|Any CPU
		{0D058D42-8120-43EE-9DAA-A017C8B8C935}.Debug|ARM64.Build.0 = Debug|Any CPU
		{0D058D42-8120-43EE-9DAA-A017C8B8C935}.Debug|x64.ActiveCfg = Debug|Any CPU
		{0D058D42-8120-43EE-9DAA-A017C8B8C935}.Debug|x64.Build.0 = Debug|Any CPU
		{0D058D42-8120-43EE-9DAA-A017C8B8C935}.Debug|x86.ActiveCfg = Debug|Any CPU
		{0D058D42-8120-43EE-9DAA-A017C8B8C935}.Debug|x86.Build.0 = Debug|Any CPU
		{0D058D42-8120-43EE-9DAA-A017C8B8C935}.Debug-MemoryOnly|Any CPU.ActiveCfg = Debug|Any CPU
		{0D058D42-8120-43EE-9DAA-A017C8B8C935}.Debug-MemoryOnly|Any CPU.Build.0 = Debug|Any CPU
		{0D058D42-8120-43EE-9DAA-A017C8B8C935}.Debug-MemoryOnly|ARM64.ActiveCfg = Debug|Any CPU
		{0D058D42-8120-43EE-9DAA-A017C8B8C935}.Debug-MemoryOnly|ARM64.Build.0 = Debug|Any CPU
		{0D058D42-8120-43EE-9DAA-A017C8B8C935}.Debug-MemoryOnly|x64.ActiveCfg = Debug|Any CPU
		{0D058D42-8120-43EE-9DAA-A017C8B8C935}.Debug-MemoryOnly|x64.Build.0 = Debug|Any CPU
		{0D058D42-8120-43EE-9DAA-A017C8B8C935}.Debug-MemoryOnly|x86.ActiveCfg = Debug|Any CPU
		{0D058D42-8120-43EE-9DAA-A017C8B8C935}.Debug-MemoryOnly|x86.Build.0 = Debug|Any CPU
		{0D058D42-8120-43EE-9DAA-A017C8B8C935}.Debug-Single|Any CPU.ActiveCfg = Debug|Any CPU
		{0D058D42-8120-43EE-9DAA-A017C8B8C935}.Debug-Single|Any CPU.Build.0 = Debug|Any CPU
		{0D058D42-8120-43EE-9DAA-A017C8B8C935}.Debug-Single|ARM64.ActiveCfg = Debug|Any CPU
		{0D058D42-8120-43EE-9DAA-A017C8B8C935}.Debug-Single|ARM64.Build.0 = Debug|Any CPU
		{0D058D42-8120-43EE-9DAA-A017C8B8C935}.Debug-Single|x64.ActiveCfg = Debug|Any CPU
		{0D058D42-8120-43EE-9DAA-A017C8B8C935}.Debug-Single|x64.Build.0 = Debug|Any CPU
		{0D058D42-8120-43EE-9DAA-A017C8B8C935}.Debug-Single|x86.ActiveCfg = Debug|Any CPU
		{0D058D42-8120-43EE-9DAA-A017C8B8C935}.Debug-Single|x86.Build.0 = Debug|Any CPU
		{0D058D42-8120-43EE-9DAA-A017C8B8C935}.Release|Any CPU.ActiveCfg = Release|Any CPU
		{0D058D42-8120-43EE-9DAA-A017C8B8C935}.Release|Any CPU.Build.0 = Release|Any CPU
		{0D058D42-8120-43EE-9DAA-A017C8B8C935}.Release|ARM64.ActiveCfg = Release|Any CPU
		{0D058D42-8120-43EE-9DAA-A017C8B8C935}.Release|ARM64.Build.0 = Release|Any CPU
		{0D058D42-8120-43EE-9DAA-A017C8B8C935}.Release|x64.ActiveCfg = Release|Any CPU
		{0D058D42-8120-43EE-9DAA-A017C8B8C935}.Release|x64.Build.0 = Release|Any CPU
		{0D058D42-8120-43EE-9DAA-A017C8B8C935}.Release|x86.ActiveCfg = Release|Any CPU
		{0D058D42-8120-43EE-9DAA-A017C8B8C935}.Release|x86.Build.0 = Release|Any CPU
		{0D058D42-8120-43EE-9DAA-A017C8B8C935}.Release-MemoryOnly|Any CPU.ActiveCfg = Release|Any CPU
		{0D058D42-8120-43EE-9DAA-A017C8B8C935}.Release-MemoryOnly|Any CPU.Build.0 = Release|Any CPU
		{0D058D42-8120-43EE-9DAA-A017C8B8C935}.Release-MemoryOnly|ARM64.ActiveCfg = Release|Any CPU
		{0D058D42-8120-43EE-9DAA-A017C8B8C935}.Release-MemoryOnly|ARM64.Build.0 = Release|Any CPU
		{0D058D42-8120-43EE-9DAA-A017C8B8C935}.Release-MemoryOnly|x64.ActiveCfg = Release|Any CPU
		{0D058D42-8120-43EE-9DAA-A017C8B8C935}.Release-MemoryOnly|x64.Build.0 = Release|Any CPU
		{0D058D42-8120-43EE-9DAA-A017C8B8C935}.Release-MemoryOnly|x86.ActiveCfg = Release|Any CPU
		{0D058D42-8120-43EE-9DAA-A017C8B8C935}.Release-MemoryOnly|x86.Build.0 = Release|Any CPU
		{0D058D42-8120-43EE-9DAA-A017C8B8C935}.Release-Single|Any CPU.ActiveCfg = Release|Any CPU
		{0D058D42-8120-43EE-9DAA-A017C8B8C935}.Release-Single|Any CPU.Build.0 = Release|Any CPU
		{0D058D42-8120-43EE-9DAA-A017C8B8C935}.Release-Single|ARM64.ActiveCfg = Release|Any CPU
		{0D058D42-8120-43EE-9DAA-A017C8B8C935}.Release-Single|ARM64.Build.0 = Release|Any CPU
		{0D058D42-8120-43EE-9DAA-A017C8B8C935}.Release-Single|x64.ActiveCfg = Release|Any CPU
		{0D058D42-8120-43EE-9DAA-A017C8B8C935}.Release-Single|x64.Build.0 = Release|Any CPU
		{0D058D42-8120-43EE-9DAA-A017C8B8C935}.Release-Single|x86.ActiveCfg = Release|Any CPU
		{0D058D42-8120-43EE-9DAA-A017C8B8C935}.Release-Single|x86.Build.0 = Release|Any CPU
		{E4F93519-34F3-48F6-9930-16F062F79EAD}.Debug|Any CPU.ActiveCfg = Debug|x86
		{E4F93519-34F3-48F6-9930-16F062F79EAD}.Debug|Any CPU.Build.0 = Debug|x86
		{E4F93519-34F3-48F6-9930-16F062F79EAD}.Debug|ARM64.ActiveCfg = Debug|Any CPU
		{E4F93519-34F3-48F6-9930-16F062F79EAD}.Debug|ARM64.Build.0 = Debug|Any CPU
		{E4F93519-34F3-48F6-9930-16F062F79EAD}.Debug|x64.ActiveCfg = Debug|x64
		{E4F93519-34F3-48F6-9930-16F062F79EAD}.Debug|x64.Build.0 = Debug|x64
		{E4F93519-34F3-48F6-9930-16F062F79EAD}.Debug|x86.ActiveCfg = Debug|x86
		{E4F93519-34F3-48F6-9930-16F062F79EAD}.Debug|x86.Build.0 = Debug|x86
		{E4F93519-34F3-48F6-9930-16F062F79EAD}.Debug-MemoryOnly|Any CPU.ActiveCfg = Debug|Any CPU
		{E4F93519-34F3-48F6-9930-16F062F79EAD}.Debug-MemoryOnly|Any CPU.Build.0 = Debug|Any CPU
		{E4F93519-34F3-48F6-9930-16F062F79EAD}.Debug-MemoryOnly|ARM64.ActiveCfg = Debug|Any CPU
		{E4F93519-34F3-48F6-9930-16F062F79EAD}.Debug-MemoryOnly|ARM64.Build.0 = Debug|Any CPU
		{E4F93519-34F3-48F6-9930-16F062F79EAD}.Debug-MemoryOnly|x64.ActiveCfg = Debug|Any CPU
		{E4F93519-34F3-48F6-9930-16F062F79EAD}.Debug-MemoryOnly|x64.Build.0 = Debug|Any CPU
		{E4F93519-34F3-48F6-9930-16F062F79EAD}.Debug-MemoryOnly|x86.ActiveCfg = Debug|Any CPU
		{E4F93519-34F3-48F6-9930-16F062F79EAD}.Debug-MemoryOnly|x86.Build.0 = Debug|Any CPU
		{E4F93519-34F3-48F6-9930-16F062F79EAD}.Debug-Single|Any CPU.ActiveCfg = Debug|Any CPU
		{E4F93519-34F3-48F6-9930-16F062F79EAD}.Debug-Single|Any CPU.Build.0 = Debug|Any CPU
		{E4F93519-34F3-48F6-9930-16F062F79EAD}.Debug-Single|ARM64.ActiveCfg = Debug|Any CPU
		{E4F93519-34F3-48F6-9930-16F062F79EAD}.Debug-Single|ARM64.Build.0 = Debug|Any CPU
		{E4F93519-34F3-48F6-9930-16F062F79EAD}.Debug-Single|x64.ActiveCfg = Debug|Any CPU
		{E4F93519-34F3-48F6-9930-16F062F79EAD}.Debug-Single|x64.Build.0 = Debug|Any CPU
		{E4F93519-34F3-48F6-9930-16F062F79EAD}.Debug-Single|x86.ActiveCfg = Debug|Any CPU
		{E4F93519-34F3-48F6-9930-16F062F79EAD}.Debug-Single|x86.Build.0 = Debug|Any CPU
		{E4F93519-34F3-48F6-9930-16F062F79EAD}.Release|Any CPU.ActiveCfg = Release|x86
		{E4F93519-34F3-48F6-9930-16F062F79EAD}.Release|Any CPU.Build.0 = Release|x86
		{E4F93519-34F3-48F6-9930-16F062F79EAD}.Release|ARM64.ActiveCfg = Release|Any CPU
		{E4F93519-34F3-48F6-9930-16F062F79EAD}.Release|ARM64.Build.0 = Release|Any CPU
		{E4F93519-34F3-48F6-9930-16F062F79EAD}.Release|x64.ActiveCfg = Release|x64
		{E4F93519-34F3-48F6-9930-16F062F79EAD}.Release|x64.Build.0 = Release|x64
		{E4F93519-34F3-48F6-9930-16F062F79EAD}.Release|x86.ActiveCfg = Release|x86
		{E4F93519-34F3-48F6-9930-16F062F79EAD}.Release|x86.Build.0 = Release|x86
		{E4F93519-34F3-48F6-9930-16F062F79EAD}.Release-MemoryOnly|Any CPU.ActiveCfg = Release|Any CPU
		{E4F93519-34F3-48F6-9930-16F062F79EAD}.Release-MemoryOnly|Any CPU.Build.0 = Release|Any CPU
		{E4F93519-34F3-48F6-9930-16F062F79EAD}.Release-MemoryOnly|ARM64.ActiveCfg = Release|Any CPU
		{E4F93519-34F3-48F6-9930-16F062F79EAD}.Release-MemoryOnly|ARM64.Build.0 = Release|Any CPU
		{E4F93519-34F3-48F6-9930-16F062F79EAD}.Release-MemoryOnly|x64.ActiveCfg = Release|Any CPU
		{E4F93519-34F3-48F6-9930-16F062F79EAD}.Release-MemoryOnly|x64.Build.0 = Release|Any CPU
		{E4F93519-34F3-48F6-9930-16F062F79EAD}.Release-MemoryOnly|x86.ActiveCfg = Release|Any CPU
		{E4F93519-34F3-48F6-9930-16F062F79EAD}.Release-MemoryOnly|x86.Build.0 = Release|Any CPU
		{E4F93519-34F3-48F6-9930-16F062F79EAD}.Release-Single|Any CPU.ActiveCfg = Release|Any CPU
		{E4F93519-34F3-48F6-9930-16F062F79EAD}.Release-Single|Any CPU.Build.0 = Release|Any CPU
		{E4F93519-34F3-48F6-9930-16F062F79EAD}.Release-Single|ARM64.ActiveCfg = Release|Any CPU
		{E4F93519-34F3-48F6-9930-16F062F79EAD}.Release-Single|ARM64.Build.0 = Release|Any CPU
		{E4F93519-34F3-48F6-9930-16F062F79EAD}.Release-Single|x64.ActiveCfg = Release|Any CPU
		{E4F93519-34F3-48F6-9930-16F062F79EAD}.Release-Single|x64.Build.0 = Release|Any CPU
		{E4F93519-34F3-48F6-9930-16F062F79EAD}.Release-Single|x86.ActiveCfg = Release|Any CPU
		{E4F93519-34F3-48F6-9930-16F062F79EAD}.Release-Single|x86.Build.0 = Release|Any CPU
		{2C74BAF4-73B3-4C0A-B5B2-0917BE6F6DBA}.Debug|Any CPU.ActiveCfg = Debug|x86
		{2C74BAF4-73B3-4C0A-B5B2-0917BE6F6DBA}.Debug|Any CPU.Build.0 = Debug|x86
		{2C74BAF4-73B3-4C0A-B5B2-0917BE6F6DBA}.Debug|ARM64.ActiveCfg = Debug|Any CPU
		{2C74BAF4-73B3-4C0A-B5B2-0917BE6F6DBA}.Debug|ARM64.Build.0 = Debug|Any CPU
		{2C74BAF4-73B3-4C0A-B5B2-0917BE6F6DBA}.Debug|x64.ActiveCfg = Debug|x64
		{2C74BAF4-73B3-4C0A-B5B2-0917BE6F6DBA}.Debug|x64.Build.0 = Debug|x64
		{2C74BAF4-73B3-4C0A-B5B2-0917BE6F6DBA}.Debug|x86.ActiveCfg = Debug|x86
		{2C74BAF4-73B3-4C0A-B5B2-0917BE6F6DBA}.Debug|x86.Build.0 = Debug|x86
		{2C74BAF4-73B3-4C0A-B5B2-0917BE6F6DBA}.Debug-MemoryOnly|Any CPU.ActiveCfg = Debug|Any CPU
		{2C74BAF4-73B3-4C0A-B5B2-0917BE6F6DBA}.Debug-MemoryOnly|Any CPU.Build.0 = Debug|Any CPU
		{2C74BAF4-73B3-4C0A-B5B2-0917BE6F6DBA}.Debug-MemoryOnly|ARM64.ActiveCfg = Debug|Any CPU
		{2C74BAF4-73B3-4C0A-B5B2-0917BE6F6DBA}.Debug-MemoryOnly|ARM64.Build.0 = Debug|Any CPU
		{2C74BAF4-73B3-4C0A-B5B2-0917BE6F6DBA}.Debug-MemoryOnly|x64.ActiveCfg = Debug|Any CPU
		{2C74BAF4-73B3-4C0A-B5B2-0917BE6F6DBA}.Debug-MemoryOnly|x64.Build.0 = Debug|Any CPU
		{2C74BAF4-73B3-4C0A-B5B2-0917BE6F6DBA}.Debug-MemoryOnly|x86.ActiveCfg = Debug|Any CPU
		{2C74BAF4-73B3-4C0A-B5B2-0917BE6F6DBA}.Debug-MemoryOnly|x86.Build.0 = Debug|Any CPU
		{2C74BAF4-73B3-4C0A-B5B2-0917BE6F6DBA}.Debug-Single|Any CPU.ActiveCfg = Debug|Any CPU
		{2C74BAF4-73B3-4C0A-B5B2-0917BE6F6DBA}.Debug-Single|Any CPU.Build.0 = Debug|Any CPU
		{2C74BAF4-73B3-4C0A-B5B2-0917BE6F6DBA}.Debug-Single|ARM64.ActiveCfg = Debug|Any CPU
		{2C74BAF4-73B3-4C0A-B5B2-0917BE6F6DBA}.Debug-Single|ARM64.Build.0 = Debug|Any CPU
		{2C74BAF4-73B3-4C0A-B5B2-0917BE6F6DBA}.Debug-Single|x64.ActiveCfg = Debug|Any CPU
		{2C74BAF4-73B3-4C0A-B5B2-0917BE6F6DBA}.Debug-Single|x64.Build.0 = Debug|Any CPU
		{2C74BAF4-73B3-4C0A-B5B2-0917BE6F6DBA}.Debug-Single|x86.ActiveCfg = Debug|Any CPU
		{2C74BAF4-73B3-4C0A-B5B2-0917BE6F6DBA}.Debug-Single|x86.Build.0 = Debug|Any CPU
		{2C74BAF4-73B3-4C0A-B5B2-0917BE6F6DBA}.Release|Any CPU.ActiveCfg = Release|x86
		{2C74BAF4-73B3-4C0A-B5B2-0917BE6F6DBA}.Release|Any CPU.Build.0 = Release|x86
		{2C74BAF4-73B3-4C0A-B5B2-0917BE6F6DBA}.Release|ARM64.ActiveCfg = Release|Any CPU
		{2C74BAF4-73B3-4C0A-B5B2-0917BE6F6DBA}.Release|ARM64.Build.0 = Release|Any CPU
		{2C74BAF4-73B3-4C0A-B5B2-0917BE6F6DBA}.Release|x64.ActiveCfg = Release|x64
		{2C74BAF4-73B3-4C0A-B5B2-0917BE6F6DBA}.Release|x64.Build.0 = Release|x64
		{2C74BAF4-73B3-4C0A-B5B2-0917BE6F6DBA}.Release|x86.ActiveCfg = Release|x86
		{2C74BAF4-73B3-4C0A-B5B2-0917BE6F6DBA}.Release|x86.Build.0 = Release|x86
		{2C74BAF4-73B3-4C0A-B5B2-0917BE6F6DBA}.Release-MemoryOnly|Any CPU.ActiveCfg = Release|Any CPU
		{2C74BAF4-73B3-4C0A-B5B2-0917BE6F6DBA}.Release-MemoryOnly|Any CPU.Build.0 = Release|Any CPU
		{2C74BAF4-73B3-4C0A-B5B2-0917BE6F6DBA}.Release-MemoryOnly|ARM64.ActiveCfg = Release|Any CPU
		{2C74BAF4-73B3-4C0A-B5B2-0917BE6F6DBA}.Release-MemoryOnly|ARM64.Build.0 = Release|Any CPU
		{2C74BAF4-73B3-4C0A-B5B2-0917BE6F6DBA}.Release-MemoryOnly|x64.ActiveCfg = Release|Any CPU
		{2C74BAF4-73B3-4C0A-B5B2-0917BE6F6DBA}.Release-MemoryOnly|x64.Build.0 = Release|Any CPU
		{2C74BAF4-73B3-4C0A-B5B2-0917BE6F6DBA}.Release-MemoryOnly|x86.ActiveCfg = Release|Any CPU
		{2C74BAF4-73B3-4C0A-B5B2-0917BE6F6DBA}.Release-MemoryOnly|x86.Build.0 = Release|Any CPU
		{2C74BAF4-73B3-4C0A-B5B2-0917BE6F6DBA}.Release-Single|Any CPU.ActiveCfg = Release|Any CPU
		{2C74BAF4-73B3-4C0A-B5B2-0917BE6F6DBA}.Release-Single|Any CPU.Build.0 = Release|Any CPU
		{2C74BAF4-73B3-4C0A-B5B2-0917BE6F6DBA}.Release-Single|ARM64.ActiveCfg = Release|Any CPU
		{2C74BAF4-73B3-4C0A-B5B2-0917BE6F6DBA}.Release-Single|ARM64.Build.0 = Release|Any CPU
		{2C74BAF4-73B3-4C0A-B5B2-0917BE6F6DBA}.Release-Single|x64.ActiveCfg = Release|Any CPU
		{2C74BAF4-73B3-4C0A-B5B2-0917BE6F6DBA}.Release-Single|x64.Build.0 = Release|Any CPU
		{2C74BAF4-73B3-4C0A-B5B2-0917BE6F6DBA}.Release-Single|x86.ActiveCfg = Release|Any CPU
		{2C74BAF4-73B3-4C0A-B5B2-0917BE6F6DBA}.Release-Single|x86.Build.0 = Release|Any CPU
		{E039FAA1-583D-4D9B-9827-B84D0DFF76C0}.Debug|Any CPU.ActiveCfg = Debug|x86
		{E039FAA1-583D-4D9B-9827-B84D0DFF76C0}.Debug|Any CPU.Build.0 = Debug|x86
		{E039FAA1-583D-4D9B-9827-B84D0DFF76C0}.Debug|ARM64.ActiveCfg = Debug|ARM64
		{E039FAA1-583D-4D9B-9827-B84D0DFF76C0}.Debug|ARM64.Build.0 = Debug|ARM64
		{E039FAA1-583D-4D9B-9827-B84D0DFF76C0}.Debug|x64.ActiveCfg = Debug|x64
		{E039FAA1-583D-4D9B-9827-B84D0DFF76C0}.Debug|x64.Build.0 = Debug|x64
		{E039FAA1-583D-4D9B-9827-B84D0DFF76C0}.Debug|x86.ActiveCfg = Debug|x86
		{E039FAA1-583D-4D9B-9827-B84D0DFF76C0}.Debug|x86.Build.0 = Debug|x86
		{E039FAA1-583D-4D9B-9827-B84D0DFF76C0}.Debug-MemoryOnly|Any CPU.ActiveCfg = Debug|Any CPU
		{E039FAA1-583D-4D9B-9827-B84D0DFF76C0}.Debug-MemoryOnly|Any CPU.Build.0 = Debug|Any CPU
		{E039FAA1-583D-4D9B-9827-B84D0DFF76C0}.Debug-MemoryOnly|ARM64.ActiveCfg = Debug|ARM64
		{E039FAA1-583D-4D9B-9827-B84D0DFF76C0}.Debug-MemoryOnly|ARM64.Build.0 = Debug|ARM64
		{E039FAA1-583D-4D9B-9827-B84D0DFF76C0}.Debug-MemoryOnly|x64.ActiveCfg = Debug|Any CPU
		{E039FAA1-583D-4D9B-9827-B84D0DFF76C0}.Debug-MemoryOnly|x64.Build.0 = Debug|Any CPU
		{E039FAA1-583D-4D9B-9827-B84D0DFF76C0}.Debug-MemoryOnly|x86.ActiveCfg = Debug|Any CPU
		{E039FAA1-583D-4D9B-9827-B84D0DFF76C0}.Debug-MemoryOnly|x86.Build.0 = Debug|Any CPU
		{E039FAA1-583D-4D9B-9827-B84D0DFF76C0}.Debug-Single|Any CPU.ActiveCfg = Debug|Any CPU
		{E039FAA1-583D-4D9B-9827-B84D0DFF76C0}.Debug-Single|Any CPU.Build.0 = Debug|Any CPU
		{E039FAA1-583D-4D9B-9827-B84D0DFF76C0}.Debug-Single|ARM64.ActiveCfg = Debug|ARM64
		{E039FAA1-583D-4D9B-9827-B84D0DFF76C0}.Debug-Single|ARM64.Build.0 = Debug|ARM64
		{E039FAA1-583D-4D9B-9827-B84D0DFF76C0}.Debug-Single|x64.ActiveCfg = Debug|Any CPU
		{E039FAA1-583D-4D9B-9827-B84D0DFF76C0}.Debug-Single|x64.Build.0 = Debug|Any CPU
		{E039FAA1-583D-4D9B-9827-B84D0DFF76C0}.Debug-Single|x86.ActiveCfg = Debug|Any CPU
		{E039FAA1-583D-4D9B-9827-B84D0DFF76C0}.Debug-Single|x86.Build.0 = Debug|Any CPU
		{E039FAA1-583D-4D9B-9827-B84D0DFF76C0}.Release|Any CPU.ActiveCfg = Release|x86
		{E039FAA1-583D-4D9B-9827-B84D0DFF76C0}.Release|Any CPU.Build.0 = Release|x86
		{E039FAA1-583D-4D9B-9827-B84D0DFF76C0}.Release|ARM64.ActiveCfg = Release|ARM64
		{E039FAA1-583D-4D9B-9827-B84D0DFF76C0}.Release|ARM64.Build.0 = Release|ARM64
		{E039FAA1-583D-4D9B-9827-B84D0DFF76C0}.Release|x64.ActiveCfg = Release|x64
		{E039FAA1-583D-4D9B-9827-B84D0DFF76C0}.Release|x64.Build.0 = Release|x64
		{E039FAA1-583D-4D9B-9827-B84D0DFF76C0}.Release|x86.ActiveCfg = Release|x86
		{E039FAA1-583D-4D9B-9827-B84D0DFF76C0}.Release|x86.Build.0 = Release|x86
		{E039FAA1-583D-4D9B-9827-B84D0DFF76C0}.Release-MemoryOnly|Any CPU.ActiveCfg = Release|Any CPU
		{E039FAA1-583D-4D9B-9827-B84D0DFF76C0}.Release-MemoryOnly|Any CPU.Build.0 = Release|Any CPU
		{E039FAA1-583D-4D9B-9827-B84D0DFF76C0}.Release-MemoryOnly|ARM64.ActiveCfg = Release|ARM64
		{E039FAA1-583D-4D9B-9827-B84D0DFF76C0}.Release-MemoryOnly|ARM64.Build.0 = Release|ARM64
		{E039FAA1-583D-4D9B-9827-B84D0DFF76C0}.Release-MemoryOnly|x64.ActiveCfg = Release|Any CPU
		{E039FAA1-583D-4D9B-9827-B84D0DFF76C0}.Release-MemoryOnly|x64.Build.0 = Release|Any CPU
		{E039FAA1-583D-4D9B-9827-B84D0DFF76C0}.Release-MemoryOnly|x86.ActiveCfg = Release|Any CPU
		{E039FAA1-583D-4D9B-9827-B84D0DFF76C0}.Release-MemoryOnly|x86.Build.0 = Release|Any CPU
		{E039FAA1-583D-4D9B-9827-B84D0DFF76C0}.Release-Single|Any CPU.ActiveCfg = Release|Any CPU
		{E039FAA1-583D-4D9B-9827-B84D0DFF76C0}.Release-Single|Any CPU.Build.0 = Release|Any CPU
		{E039FAA1-583D-4D9B-9827-B84D0DFF76C0}.Release-Single|ARM64.ActiveCfg = Release|ARM64
		{E039FAA1-583D-4D9B-9827-B84D0DFF76C0}.Release-Single|ARM64.Build.0 = Release|ARM64
		{E039FAA1-583D-4D9B-9827-B84D0DFF76C0}.Release-Single|x64.ActiveCfg = Release|Any CPU
		{E039FAA1-583D-4D9B-9827-B84D0DFF76C0}.Release-Single|x64.Build.0 = Release|Any CPU
		{E039FAA1-583D-4D9B-9827-B84D0DFF76C0}.Release-Single|x86.ActiveCfg = Release|Any CPU
		{E039FAA1-583D-4D9B-9827-B84D0DFF76C0}.Release-Single|x86.Build.0 = Release|Any CPU
		{92AED47A-87F2-4DD3-95F0-4B5F8767A0AB}.Debug|Any CPU.ActiveCfg = Debug|x86
		{92AED47A-87F2-4DD3-95F0-4B5F8767A0AB}.Debug|Any CPU.Build.0 = Debug|x86
		{92AED47A-87F2-4DD3-95F0-4B5F8767A0AB}.Debug|ARM64.ActiveCfg = Debug|Any CPU
		{92AED47A-87F2-4DD3-95F0-4B5F8767A0AB}.Debug|ARM64.Build.0 = Debug|Any CPU
		{92AED47A-87F2-4DD3-95F0-4B5F8767A0AB}.Debug|x64.ActiveCfg = Debug|x64
		{92AED47A-87F2-4DD3-95F0-4B5F8767A0AB}.Debug|x64.Build.0 = Debug|x64
		{92AED47A-87F2-4DD3-95F0-4B5F8767A0AB}.Debug|x86.ActiveCfg = Debug|x86
		{92AED47A-87F2-4DD3-95F0-4B5F8767A0AB}.Debug|x86.Build.0 = Debug|x86
		{92AED47A-87F2-4DD3-95F0-4B5F8767A0AB}.Debug-MemoryOnly|Any CPU.ActiveCfg = Debug|Any CPU
		{92AED47A-87F2-4DD3-95F0-4B5F8767A0AB}.Debug-MemoryOnly|Any CPU.Build.0 = Debug|Any CPU
		{92AED47A-87F2-4DD3-95F0-4B5F8767A0AB}.Debug-MemoryOnly|ARM64.ActiveCfg = Debug|Any CPU
		{92AED47A-87F2-4DD3-95F0-4B5F8767A0AB}.Debug-MemoryOnly|ARM64.Build.0 = Debug|Any CPU
		{92AED47A-87F2-4DD3-95F0-4B5F8767A0AB}.Debug-MemoryOnly|x64.ActiveCfg = Debug|Any CPU
		{92AED47A-87F2-4DD3-95F0-4B5F8767A0AB}.Debug-MemoryOnly|x64.Build.0 = Debug|Any CPU
		{92AED47A-87F2-4DD3-95F0-4B5F8767A0AB}.Debug-MemoryOnly|x86.ActiveCfg = Debug|Any CPU
		{92AED47A-87F2-4DD3-95F0-4B5F8767A0AB}.Debug-MemoryOnly|x86.Build.0 = Debug|Any CPU
		{92AED47A-87F2-4DD3-95F0-4B5F8767A0AB}.Debug-Single|Any CPU.ActiveCfg = Debug|Any CPU
		{92AED47A-87F2-4DD3-95F0-4B5F8767A0AB}.Debug-Single|Any CPU.Build.0 = Debug|Any CPU
		{92AED47A-87F2-4DD3-95F0-4B5F8767A0AB}.Debug-Single|ARM64.ActiveCfg = Debug|Any CPU
		{92AED47A-87F2-4DD3-95F0-4B5F8767A0AB}.Debug-Single|ARM64.Build.0 = Debug|Any CPU
		{92AED47A-87F2-4DD3-95F0-4B5F8767A0AB}.Debug-Single|x64.ActiveCfg = Debug|Any CPU
		{92AED47A-87F2-4DD3-95F0-4B5F8767A0AB}.Debug-Single|x64.Build.0 = Debug|Any CPU
		{92AED47A-87F2-4DD3-95F0-4B5F8767A0AB}.Debug-Single|x86.ActiveCfg = Debug|Any CPU
		{92AED47A-87F2-4DD3-95F0-4B5F8767A0AB}.Debug-Single|x86.Build.0 = Debug|Any CPU
		{92AED47A-87F2-4DD3-95F0-4B5F8767A0AB}.Release|Any CPU.ActiveCfg = Release|x86
		{92AED47A-87F2-4DD3-95F0-4B5F8767A0AB}.Release|Any CPU.Build.0 = Release|x86
		{92AED47A-87F2-4DD3-95F0-4B5F8767A0AB}.Release|ARM64.ActiveCfg = Release|Any CPU
		{92AED47A-87F2-4DD3-95F0-4B5F8767A0AB}.Release|ARM64.Build.0 = Release|Any CPU
		{92AED47A-87F2-4DD3-95F0-4B5F8767A0AB}.Release|x64.ActiveCfg = Release|x64
		{92AED47A-87F2-4DD3-95F0-4B5F8767A0AB}.Release|x64.Build.0 = Release|x64
		{92AED47A-87F2-4DD3-95F0-4B5F8767A0AB}.Release|x86.ActiveCfg = Release|x86
		{92AED47A-87F2-4DD3-95F0-4B5F8767A0AB}.Release|x86.Build.0 = Release|x86
		{92AED47A-87F2-4DD3-95F0-4B5F8767A0AB}.Release-MemoryOnly|Any CPU.ActiveCfg = Release|Any CPU
		{92AED47A-87F2-4DD3-95F0-4B5F8767A0AB}.Release-MemoryOnly|Any CPU.Build.0 = Release|Any CPU
		{92AED47A-87F2-4DD3-95F0-4B5F8767A0AB}.Release-MemoryOnly|ARM64.ActiveCfg = Release|Any CPU
		{92AED47A-87F2-4DD3-95F0-4B5F8767A0AB}.Release-MemoryOnly|ARM64.Build.0 = Release|Any CPU
		{92AED47A-87F2-4DD3-95F0-4B5F8767A0AB}.Release-MemoryOnly|x64.ActiveCfg = Release|Any CPU
		{92AED47A-87F2-4DD3-95F0-4B5F8767A0AB}.Release-MemoryOnly|x64.Build.0 = Release|Any CPU
		{92AED47A-87F2-4DD3-95F0-4B5F8767A0AB}.Release-MemoryOnly|x86.ActiveCfg = Release|Any CPU
		{92AED47A-87F2-4DD3-95F0-4B5F8767A0AB}.Release-MemoryOnly|x86.Build.0 = Release|Any CPU
		{92AED47A-87F2-4DD3-95F0-4B5F8767A0AB}.Release-Single|Any CPU.ActiveCfg = Release|Any CPU
		{92AED47A-87F2-4DD3-95F0-4B5F8767A0AB}.Release-Single|Any CPU.Build.0 = Release|Any CPU
		{92AED47A-87F2-4DD3-95F0-4B5F8767A0AB}.Release-Single|ARM64.ActiveCfg = Release|Any CPU
		{92AED47A-87F2-4DD3-95F0-4B5F8767A0AB}.Release-Single|ARM64.Build.0 = Release|Any CPU
		{92AED47A-87F2-4DD3-95F0-4B5F8767A0AB}.Release-Single|x64.ActiveCfg = Release|Any CPU
		{92AED47A-87F2-4DD3-95F0-4B5F8767A0AB}.Release-Single|x64.Build.0 = Release|Any CPU
		{92AED47A-87F2-4DD3-95F0-4B5F8767A0AB}.Release-Single|x86.ActiveCfg = Release|Any CPU
		{92AED47A-87F2-4DD3-95F0-4B5F8767A0AB}.Release-Single|x86.Build.0 = Release|Any CPU
		{6E062311-B25D-42F3-978F-6868CED67942}.Debug|Any CPU.ActiveCfg = Debug|x86
		{6E062311-B25D-42F3-978F-6868CED67942}.Debug|Any CPU.Build.0 = Debug|x86
		{6E062311-B25D-42F3-978F-6868CED67942}.Debug|ARM64.ActiveCfg = Debug|Any CPU
		{6E062311-B25D-42F3-978F-6868CED67942}.Debug|ARM64.Build.0 = Debug|Any CPU
		{6E062311-B25D-42F3-978F-6868CED67942}.Debug|x64.ActiveCfg = Debug|x64
		{6E062311-B25D-42F3-978F-6868CED67942}.Debug|x64.Build.0 = Debug|x64
		{6E062311-B25D-42F3-978F-6868CED67942}.Debug|x86.ActiveCfg = Debug|x86
		{6E062311-B25D-42F3-978F-6868CED67942}.Debug|x86.Build.0 = Debug|x86
		{6E062311-B25D-42F3-978F-6868CED67942}.Debug-MemoryOnly|Any CPU.ActiveCfg = Debug|Any CPU
		{6E062311-B25D-42F3-978F-6868CED67942}.Debug-MemoryOnly|Any CPU.Build.0 = Debug|Any CPU
		{6E062311-B25D-42F3-978F-6868CED67942}.Debug-MemoryOnly|ARM64.ActiveCfg = Debug|Any CPU
		{6E062311-B25D-42F3-978F-6868CED67942}.Debug-MemoryOnly|ARM64.Build.0 = Debug|Any CPU
		{6E062311-B25D-42F3-978F-6868CED67942}.Debug-MemoryOnly|x64.ActiveCfg = Debug|Any CPU
		{6E062311-B25D-42F3-978F-6868CED67942}.Debug-MemoryOnly|x64.Build.0 = Debug|Any CPU
		{6E062311-B25D-42F3-978F-6868CED67942}.Debug-MemoryOnly|x86.ActiveCfg = Debug|Any CPU
		{6E062311-B25D-42F3-978F-6868CED67942}.Debug-MemoryOnly|x86.Build.0 = Debug|Any CPU
		{6E062311-B25D-42F3-978F-6868CED67942}.Debug-Single|Any CPU.ActiveCfg = Debug|Any CPU
		{6E062311-B25D-42F3-978F-6868CED67942}.Debug-Single|Any CPU.Build.0 = Debug|Any CPU
		{6E062311-B25D-42F3-978F-6868CED67942}.Debug-Single|ARM64.ActiveCfg = Debug|Any CPU
		{6E062311-B25D-42F3-978F-6868CED67942}.Debug-Single|ARM64.Build.0 = Debug|Any CPU
		{6E062311-B25D-42F3-978F-6868CED67942}.Debug-Single|x64.ActiveCfg = Debug|Any CPU
		{6E062311-B25D-42F3-978F-6868CED67942}.Debug-Single|x64.Build.0 = Debug|Any CPU
		{6E062311-B25D-42F3-978F-6868CED67942}.Debug-Single|x86.ActiveCfg = Debug|Any CPU
		{6E062311-B25D-42F3-978F-6868CED67942}.Debug-Single|x86.Build.0 = Debug|Any CPU
		{6E062311-B25D-42F3-978F-6868CED67942}.Release|Any CPU.ActiveCfg = Release|x86
		{6E062311-B25D-42F3-978F-6868CED67942}.Release|Any CPU.Build.0 = Release|x86
		{6E062311-B25D-42F3-978F-6868CED67942}.Release|ARM64.ActiveCfg = Release|Any CPU
		{6E062311-B25D-42F3-978F-6868CED67942}.Release|ARM64.Build.0 = Release|Any CPU
		{6E062311-B25D-42F3-978F-6868CED67942}.Release|x64.ActiveCfg = Release|x64
		{6E062311-B25D-42F3-978F-6868CED67942}.Release|x64.Build.0 = Release|x64
		{6E062311-B25D-42F3-978F-6868CED67942}.Release|x86.ActiveCfg = Release|x86
		{6E062311-B25D-42F3-978F-6868CED67942}.Release|x86.Build.0 = Release|x86
		{6E062311-B25D-42F3-978F-6868CED67942}.Release-MemoryOnly|Any CPU.ActiveCfg = Release|Any CPU
		{6E062311-B25D-42F3-978F-6868CED67942}.Release-MemoryOnly|Any CPU.Build.0 = Release|Any CPU
		{6E062311-B25D-42F3-978F-6868CED67942}.Release-MemoryOnly|ARM64.ActiveCfg = Release|Any CPU
		{6E062311-B25D-42F3-978F-6868CED67942}.Release-MemoryOnly|ARM64.Build.0 = Release|Any CPU
		{6E062311-B25D-42F3-978F-6868CED67942}.Release-MemoryOnly|x64.ActiveCfg = Release|Any CPU
		{6E062311-B25D-42F3-978F-6868CED67942}.Release-MemoryOnly|x64.Build.0 = Release|Any CPU
		{6E062311-B25D-42F3-978F-6868CED67942}.Release-MemoryOnly|x86.ActiveCfg = Release|Any CPU
		{6E062311-B25D-42F3-978F-6868CED67942}.Release-MemoryOnly|x86.Build.0 = Release|Any CPU
		{6E062311-B25D-42F3-978F-6868CED67942}.Release-Single|Any CPU.ActiveCfg = Release|Any CPU
		{6E062311-B25D-42F3-978F-6868CED67942}.Release-Single|Any CPU.Build.0 = Release|Any CPU
		{6E062311-B25D-42F3-978F-6868CED67942}.Release-Single|ARM64.ActiveCfg = Release|Any CPU
		{6E062311-B25D-42F3-978F-6868CED67942}.Release-Single|ARM64.Build.0 = Release|Any CPU
		{6E062311-B25D-42F3-978F-6868CED67942}.Release-Single|x64.ActiveCfg = Release|Any CPU
		{6E062311-B25D-42F3-978F-6868CED67942}.Release-Single|x64.Build.0 = Release|Any CPU
		{6E062311-B25D-42F3-978F-6868CED67942}.Release-Single|x86.ActiveCfg = Release|Any CPU
		{6E062311-B25D-42F3-978F-6868CED67942}.Release-Single|x86.Build.0 = Release|Any CPU
		{CFC9BCB7-1908-4413-8DEC-A2F83596192C}.Debug|Any CPU.ActiveCfg = Debug|x86
		{CFC9BCB7-1908-4413-8DEC-A2F83596192C}.Debug|Any CPU.Build.0 = Debug|x86
		{CFC9BCB7-1908-4413-8DEC-A2F83596192C}.Debug|ARM64.ActiveCfg = Debug|ARM64
		{CFC9BCB7-1908-4413-8DEC-A2F83596192C}.Debug|ARM64.Build.0 = Debug|ARM64
		{CFC9BCB7-1908-4413-8DEC-A2F83596192C}.Debug|x64.ActiveCfg = Debug|x64
		{CFC9BCB7-1908-4413-8DEC-A2F83596192C}.Debug|x64.Build.0 = Debug|x64
		{CFC9BCB7-1908-4413-8DEC-A2F83596192C}.Debug|x86.ActiveCfg = Debug|x86
		{CFC9BCB7-1908-4413-8DEC-A2F83596192C}.Debug|x86.Build.0 = Debug|x86
		{CFC9BCB7-1908-4413-8DEC-A2F83596192C}.Debug-MemoryOnly|Any CPU.ActiveCfg = Debug|Any CPU
		{CFC9BCB7-1908-4413-8DEC-A2F83596192C}.Debug-MemoryOnly|Any CPU.Build.0 = Debug|Any CPU
		{CFC9BCB7-1908-4413-8DEC-A2F83596192C}.Debug-MemoryOnly|ARM64.ActiveCfg = Debug|ARM64
		{CFC9BCB7-1908-4413-8DEC-A2F83596192C}.Debug-MemoryOnly|ARM64.Build.0 = Debug|ARM64
		{CFC9BCB7-1908-4413-8DEC-A2F83596192C}.Debug-MemoryOnly|x64.ActiveCfg = Debug|Any CPU
		{CFC9BCB7-1908-4413-8DEC-A2F83596192C}.Debug-MemoryOnly|x64.Build.0 = Debug|Any CPU
		{CFC9BCB7-1908-4413-8DEC-A2F83596192C}.Debug-MemoryOnly|x86.ActiveCfg = Debug|Any CPU
		{CFC9BCB7-1908-4413-8DEC-A2F83596192C}.Debug-MemoryOnly|x86.Build.0 = Debug|Any CPU
		{CFC9BCB7-1908-4413-8DEC-A2F83596192C}.Debug-Single|Any CPU.ActiveCfg = Debug|Any CPU
		{CFC9BCB7-1908-4413-8DEC-A2F83596192C}.Debug-Single|Any CPU.Build.0 = Debug|Any CPU
		{CFC9BCB7-1908-4413-8DEC-A2F83596192C}.Debug-Single|ARM64.ActiveCfg = Debug|ARM64
		{CFC9BCB7-1908-4413-8DEC-A2F83596192C}.Debug-Single|ARM64.Build.0 = Debug|ARM64
		{CFC9BCB7-1908-4413-8DEC-A2F83596192C}.Debug-Single|x64.ActiveCfg = Debug|Any CPU
		{CFC9BCB7-1908-4413-8DEC-A2F83596192C}.Debug-Single|x64.Build.0 = Debug|Any CPU
		{CFC9BCB7-1908-4413-8DEC-A2F83596192C}.Debug-Single|x86.ActiveCfg = Debug|Any CPU
		{CFC9BCB7-1908-4413-8DEC-A2F83596192C}.Debug-Single|x86.Build.0 = Debug|Any CPU
		{CFC9BCB7-1908-4413-8DEC-A2F83596192C}.Release|Any CPU.ActiveCfg = Release|Any CPU
		{CFC9BCB7-1908-4413-8DEC-A2F83596192C}.Release|Any CPU.Build.0 = Release|Any CPU
		{CFC9BCB7-1908-4413-8DEC-A2F83596192C}.Release|ARM64.ActiveCfg = Release|ARM64
		{CFC9BCB7-1908-4413-8DEC-A2F83596192C}.Release|ARM64.Build.0 = Release|ARM64
		{CFC9BCB7-1908-4413-8DEC-A2F83596192C}.Release|x64.ActiveCfg = Release|x64
		{CFC9BCB7-1908-4413-8DEC-A2F83596192C}.Release|x64.Build.0 = Release|x64
		{CFC9BCB7-1908-4413-8DEC-A2F83596192C}.Release|x86.ActiveCfg = Release|x86
		{CFC9BCB7-1908-4413-8DEC-A2F83596192C}.Release|x86.Build.0 = Release|x86
		{CFC9BCB7-1908-4413-8DEC-A2F83596192C}.Release-MemoryOnly|Any CPU.ActiveCfg = Release|Any CPU
		{CFC9BCB7-1908-4413-8DEC-A2F83596192C}.Release-MemoryOnly|Any CPU.Build.0 = Release|Any CPU
		{CFC9BCB7-1908-4413-8DEC-A2F83596192C}.Release-MemoryOnly|ARM64.ActiveCfg = Release|ARM64
		{CFC9BCB7-1908-4413-8DEC-A2F83596192C}.Release-MemoryOnly|ARM64.Build.0 = Release|ARM64
		{CFC9BCB7-1908-4413-8DEC-A2F83596192C}.Release-MemoryOnly|x64.ActiveCfg = Release|Any CPU
		{CFC9BCB7-1908-4413-8DEC-A2F83596192C}.Release-MemoryOnly|x64.Build.0 = Release|Any CPU
		{CFC9BCB7-1908-4413-8DEC-A2F83596192C}.Release-MemoryOnly|x86.ActiveCfg = Release|Any CPU
		{CFC9BCB7-1908-4413-8DEC-A2F83596192C}.Release-MemoryOnly|x86.Build.0 = Release|Any CPU
		{CFC9BCB7-1908-4413-8DEC-A2F83596192C}.Release-Single|Any CPU.ActiveCfg = Release|Any CPU
		{CFC9BCB7-1908-4413-8DEC-A2F83596192C}.Release-Single|Any CPU.Build.0 = Release|Any CPU
		{CFC9BCB7-1908-4413-8DEC-A2F83596192C}.Release-Single|ARM64.ActiveCfg = Release|ARM64
		{CFC9BCB7-1908-4413-8DEC-A2F83596192C}.Release-Single|ARM64.Build.0 = Release|ARM64
		{CFC9BCB7-1908-4413-8DEC-A2F83596192C}.Release-Single|x64.ActiveCfg = Release|Any CPU
		{CFC9BCB7-1908-4413-8DEC-A2F83596192C}.Release-Single|x64.Build.0 = Release|Any CPU
		{CFC9BCB7-1908-4413-8DEC-A2F83596192C}.Release-Single|x86.ActiveCfg = Release|Any CPU
		{CFC9BCB7-1908-4413-8DEC-A2F83596192C}.Release-Single|x86.Build.0 = Release|Any CPU
		{4AC08D2B-48DD-4A36-B7F8-5FD768EDD5C6}.Debug|Any CPU.ActiveCfg = Debug|x86
		{4AC08D2B-48DD-4A36-B7F8-5FD768EDD5C6}.Debug|Any CPU.Build.0 = Debug|x86
		{4AC08D2B-48DD-4A36-B7F8-5FD768EDD5C6}.Debug|ARM64.ActiveCfg = Debug|ARM64
		{4AC08D2B-48DD-4A36-B7F8-5FD768EDD5C6}.Debug|ARM64.Build.0 = Debug|ARM64
		{4AC08D2B-48DD-4A36-B7F8-5FD768EDD5C6}.Debug|x64.ActiveCfg = Debug|x64
		{4AC08D2B-48DD-4A36-B7F8-5FD768EDD5C6}.Debug|x64.Build.0 = Debug|x64
		{4AC08D2B-48DD-4A36-B7F8-5FD768EDD5C6}.Debug|x86.ActiveCfg = Debug|x86
		{4AC08D2B-48DD-4A36-B7F8-5FD768EDD5C6}.Debug|x86.Build.0 = Debug|x86
		{4AC08D2B-48DD-4A36-B7F8-5FD768EDD5C6}.Debug-MemoryOnly|Any CPU.ActiveCfg = Debug|Any CPU
		{4AC08D2B-48DD-4A36-B7F8-5FD768EDD5C6}.Debug-MemoryOnly|Any CPU.Build.0 = Debug|Any CPU
		{4AC08D2B-48DD-4A36-B7F8-5FD768EDD5C6}.Debug-MemoryOnly|ARM64.ActiveCfg = Debug|ARM64
		{4AC08D2B-48DD-4A36-B7F8-5FD768EDD5C6}.Debug-MemoryOnly|ARM64.Build.0 = Debug|ARM64
		{4AC08D2B-48DD-4A36-B7F8-5FD768EDD5C6}.Debug-MemoryOnly|x64.ActiveCfg = Debug|Any CPU
		{4AC08D2B-48DD-4A36-B7F8-5FD768EDD5C6}.Debug-MemoryOnly|x64.Build.0 = Debug|Any CPU
		{4AC08D2B-48DD-4A36-B7F8-5FD768EDD5C6}.Debug-MemoryOnly|x86.ActiveCfg = Debug|Any CPU
		{4AC08D2B-48DD-4A36-B7F8-5FD768EDD5C6}.Debug-MemoryOnly|x86.Build.0 = Debug|Any CPU
		{4AC08D2B-48DD-4A36-B7F8-5FD768EDD5C6}.Debug-Single|Any CPU.ActiveCfg = Debug|Any CPU
		{4AC08D2B-48DD-4A36-B7F8-5FD768EDD5C6}.Debug-Single|Any CPU.Build.0 = Debug|Any CPU
		{4AC08D2B-48DD-4A36-B7F8-5FD768EDD5C6}.Debug-Single|ARM64.ActiveCfg = Debug|ARM64
		{4AC08D2B-48DD-4A36-B7F8-5FD768EDD5C6}.Debug-Single|ARM64.Build.0 = Debug|ARM64
		{4AC08D2B-48DD-4A36-B7F8-5FD768EDD5C6}.Debug-Single|x64.ActiveCfg = Debug|Any CPU
		{4AC08D2B-48DD-4A36-B7F8-5FD768EDD5C6}.Debug-Single|x64.Build.0 = Debug|Any CPU
		{4AC08D2B-48DD-4A36-B7F8-5FD768EDD5C6}.Debug-Single|x86.ActiveCfg = Debug|Any CPU
		{4AC08D2B-48DD-4A36-B7F8-5FD768EDD5C6}.Debug-Single|x86.Build.0 = Debug|Any CPU
		{4AC08D2B-48DD-4A36-B7F8-5FD768EDD5C6}.Release|Any CPU.ActiveCfg = Release|x86
		{4AC08D2B-48DD-4A36-B7F8-5FD768EDD5C6}.Release|Any CPU.Build.0 = Release|x86
		{4AC08D2B-48DD-4A36-B7F8-5FD768EDD5C6}.Release|ARM64.ActiveCfg = Release|ARM64
		{4AC08D2B-48DD-4A36-B7F8-5FD768EDD5C6}.Release|ARM64.Build.0 = Release|ARM64
		{4AC08D2B-48DD-4A36-B7F8-5FD768EDD5C6}.Release|x64.ActiveCfg = Release|x64
		{4AC08D2B-48DD-4A36-B7F8-5FD768EDD5C6}.Release|x64.Build.0 = Release|x64
		{4AC08D2B-48DD-4A36-B7F8-5FD768EDD5C6}.Release|x86.ActiveCfg = Release|x86
		{4AC08D2B-48DD-4A36-B7F8-5FD768EDD5C6}.Release|x86.Build.0 = Release|x86
		{4AC08D2B-48DD-4A36-B7F8-5FD768EDD5C6}.Release-MemoryOnly|Any CPU.ActiveCfg = Release|Any CPU
		{4AC08D2B-48DD-4A36-B7F8-5FD768EDD5C6}.Release-MemoryOnly|Any CPU.Build.0 = Release|Any CPU
		{4AC08D2B-48DD-4A36-B7F8-5FD768EDD5C6}.Release-MemoryOnly|ARM64.ActiveCfg = Release|ARM64
		{4AC08D2B-48DD-4A36-B7F8-5FD768EDD5C6}.Release-MemoryOnly|ARM64.Build.0 = Release|ARM64
		{4AC08D2B-48DD-4A36-B7F8-5FD768EDD5C6}.Release-MemoryOnly|x64.ActiveCfg = Release|Any CPU
		{4AC08D2B-48DD-4A36-B7F8-5FD768EDD5C6}.Release-MemoryOnly|x64.Build.0 = Release|Any CPU
		{4AC08D2B-48DD-4A36-B7F8-5FD768EDD5C6}.Release-MemoryOnly|x86.ActiveCfg = Release|Any CPU
		{4AC08D2B-48DD-4A36-B7F8-5FD768EDD5C6}.Release-MemoryOnly|x86.Build.0 = Release|Any CPU
		{4AC08D2B-48DD-4A36-B7F8-5FD768EDD5C6}.Release-Single|Any CPU.ActiveCfg = Release|Any CPU
		{4AC08D2B-48DD-4A36-B7F8-5FD768EDD5C6}.Release-Single|Any CPU.Build.0 = Release|Any CPU
		{4AC08D2B-48DD-4A36-B7F8-5FD768EDD5C6}.Release-Single|ARM64.ActiveCfg = Release|ARM64
		{4AC08D2B-48DD-4A36-B7F8-5FD768EDD5C6}.Release-Single|ARM64.Build.0 = Release|ARM64
		{4AC08D2B-48DD-4A36-B7F8-5FD768EDD5C6}.Release-Single|x64.ActiveCfg = Release|Any CPU
		{4AC08D2B-48DD-4A36-B7F8-5FD768EDD5C6}.Release-Single|x64.Build.0 = Release|Any CPU
		{4AC08D2B-48DD-4A36-B7F8-5FD768EDD5C6}.Release-Single|x86.ActiveCfg = Release|Any CPU
		{4AC08D2B-48DD-4A36-B7F8-5FD768EDD5C6}.Release-Single|x86.Build.0 = Release|Any CPU
		{D1EDC50D-2C53-4339-B3C3-A9B0FFD1347D}.Debug|Any CPU.ActiveCfg = Debug|Any CPU
		{D1EDC50D-2C53-4339-B3C3-A9B0FFD1347D}.Debug|Any CPU.Build.0 = Debug|Any CPU
		{D1EDC50D-2C53-4339-B3C3-A9B0FFD1347D}.Debug|ARM64.ActiveCfg = CoreDebug|ARM64
		{D1EDC50D-2C53-4339-B3C3-A9B0FFD1347D}.Debug|ARM64.Build.0 = CoreDebug|ARM64
		{D1EDC50D-2C53-4339-B3C3-A9B0FFD1347D}.Debug|x64.ActiveCfg = Debug|x64
		{D1EDC50D-2C53-4339-B3C3-A9B0FFD1347D}.Debug|x64.Build.0 = Debug|x64
		{D1EDC50D-2C53-4339-B3C3-A9B0FFD1347D}.Debug|x86.ActiveCfg = Debug|x86
		{D1EDC50D-2C53-4339-B3C3-A9B0FFD1347D}.Debug|x86.Build.0 = Debug|x86
		{D1EDC50D-2C53-4339-B3C3-A9B0FFD1347D}.Debug-MemoryOnly|Any CPU.ActiveCfg = Debug|Any CPU
		{D1EDC50D-2C53-4339-B3C3-A9B0FFD1347D}.Debug-MemoryOnly|Any CPU.Build.0 = Debug|Any CPU
		{D1EDC50D-2C53-4339-B3C3-A9B0FFD1347D}.Debug-MemoryOnly|ARM64.ActiveCfg = Debug|ARM64
		{D1EDC50D-2C53-4339-B3C3-A9B0FFD1347D}.Debug-MemoryOnly|ARM64.Build.0 = Debug|ARM64
		{D1EDC50D-2C53-4339-B3C3-A9B0FFD1347D}.Debug-MemoryOnly|x64.ActiveCfg = Debug|x64
		{D1EDC50D-2C53-4339-B3C3-A9B0FFD1347D}.Debug-MemoryOnly|x64.Build.0 = Debug|x64
		{D1EDC50D-2C53-4339-B3C3-A9B0FFD1347D}.Debug-MemoryOnly|x86.ActiveCfg = Debug|x86
		{D1EDC50D-2C53-4339-B3C3-A9B0FFD1347D}.Debug-MemoryOnly|x86.Build.0 = Debug|x86
		{D1EDC50D-2C53-4339-B3C3-A9B0FFD1347D}.Debug-Single|Any CPU.ActiveCfg = Debug|Any CPU
		{D1EDC50D-2C53-4339-B3C3-A9B0FFD1347D}.Debug-Single|Any CPU.Build.0 = Debug|Any CPU
		{D1EDC50D-2C53-4339-B3C3-A9B0FFD1347D}.Debug-Single|ARM64.ActiveCfg = Debug|ARM64
		{D1EDC50D-2C53-4339-B3C3-A9B0FFD1347D}.Debug-Single|ARM64.Build.0 = Debug|ARM64
		{D1EDC50D-2C53-4339-B3C3-A9B0FFD1347D}.Debug-Single|x64.ActiveCfg = Debug|x64
		{D1EDC50D-2C53-4339-B3C3-A9B0FFD1347D}.Debug-Single|x64.Build.0 = Debug|x64
		{D1EDC50D-2C53-4339-B3C3-A9B0FFD1347D}.Debug-Single|x86.ActiveCfg = Debug|x86
		{D1EDC50D-2C53-4339-B3C3-A9B0FFD1347D}.Debug-Single|x86.Build.0 = Debug|x86
		{D1EDC50D-2C53-4339-B3C3-A9B0FFD1347D}.Release|Any CPU.ActiveCfg = Release|Any CPU
		{D1EDC50D-2C53-4339-B3C3-A9B0FFD1347D}.Release|Any CPU.Build.0 = Release|Any CPU
		{D1EDC50D-2C53-4339-B3C3-A9B0FFD1347D}.Release|ARM64.ActiveCfg = Release|ARM64
		{D1EDC50D-2C53-4339-B3C3-A9B0FFD1347D}.Release|ARM64.Build.0 = Release|ARM64
		{D1EDC50D-2C53-4339-B3C3-A9B0FFD1347D}.Release|x64.ActiveCfg = Release|x64
		{D1EDC50D-2C53-4339-B3C3-A9B0FFD1347D}.Release|x64.Build.0 = Release|x64
		{D1EDC50D-2C53-4339-B3C3-A9B0FFD1347D}.Release|x86.ActiveCfg = Release|x86
		{D1EDC50D-2C53-4339-B3C3-A9B0FFD1347D}.Release|x86.Build.0 = Release|x86
		{D1EDC50D-2C53-4339-B3C3-A9B0FFD1347D}.Release-MemoryOnly|Any CPU.ActiveCfg = Release|Any CPU
		{D1EDC50D-2C53-4339-B3C3-A9B0FFD1347D}.Release-MemoryOnly|Any CPU.Build.0 = Release|Any CPU
		{D1EDC50D-2C53-4339-B3C3-A9B0FFD1347D}.Release-MemoryOnly|ARM64.ActiveCfg = Release|ARM64
		{D1EDC50D-2C53-4339-B3C3-A9B0FFD1347D}.Release-MemoryOnly|ARM64.Build.0 = Release|ARM64
		{D1EDC50D-2C53-4339-B3C3-A9B0FFD1347D}.Release-MemoryOnly|x64.ActiveCfg = Release|x64
		{D1EDC50D-2C53-4339-B3C3-A9B0FFD1347D}.Release-MemoryOnly|x64.Build.0 = Release|x64
		{D1EDC50D-2C53-4339-B3C3-A9B0FFD1347D}.Release-MemoryOnly|x86.ActiveCfg = Release|x86
		{D1EDC50D-2C53-4339-B3C3-A9B0FFD1347D}.Release-MemoryOnly|x86.Build.0 = Release|x86
		{D1EDC50D-2C53-4339-B3C3-A9B0FFD1347D}.Release-Single|Any CPU.ActiveCfg = Release|Any CPU
		{D1EDC50D-2C53-4339-B3C3-A9B0FFD1347D}.Release-Single|Any CPU.Build.0 = Release|Any CPU
		{D1EDC50D-2C53-4339-B3C3-A9B0FFD1347D}.Release-Single|ARM64.ActiveCfg = Release|ARM64
		{D1EDC50D-2C53-4339-B3C3-A9B0FFD1347D}.Release-Single|ARM64.Build.0 = Release|ARM64
		{D1EDC50D-2C53-4339-B3C3-A9B0FFD1347D}.Release-Single|x64.ActiveCfg = Release|x64
		{D1EDC50D-2C53-4339-B3C3-A9B0FFD1347D}.Release-Single|x64.Build.0 = Release|x64
		{D1EDC50D-2C53-4339-B3C3-A9B0FFD1347D}.Release-Single|x86.ActiveCfg = Release|x86
		{D1EDC50D-2C53-4339-B3C3-A9B0FFD1347D}.Release-Single|x86.Build.0 = Release|x86
		{FB95E20A-AB97-4799-9AC9-67D0C75769A3}.Debug|Any CPU.ActiveCfg = Debug|Any CPU
		{FB95E20A-AB97-4799-9AC9-67D0C75769A3}.Debug|Any CPU.Build.0 = Debug|Any CPU
		{FB95E20A-AB97-4799-9AC9-67D0C75769A3}.Debug|ARM64.ActiveCfg = CoreRelease|ARM64
		{FB95E20A-AB97-4799-9AC9-67D0C75769A3}.Debug|ARM64.Build.0 = CoreRelease|ARM64
		{FB95E20A-AB97-4799-9AC9-67D0C75769A3}.Debug|x64.ActiveCfg = Debug|x64
		{FB95E20A-AB97-4799-9AC9-67D0C75769A3}.Debug|x64.Build.0 = Debug|x64
		{FB95E20A-AB97-4799-9AC9-67D0C75769A3}.Debug|x86.ActiveCfg = Debug|x86
		{FB95E20A-AB97-4799-9AC9-67D0C75769A3}.Debug|x86.Build.0 = Debug|x86
		{FB95E20A-AB97-4799-9AC9-67D0C75769A3}.Debug-MemoryOnly|Any CPU.ActiveCfg = Debug|Any CPU
		{FB95E20A-AB97-4799-9AC9-67D0C75769A3}.Debug-MemoryOnly|Any CPU.Build.0 = Debug|Any CPU
		{FB95E20A-AB97-4799-9AC9-67D0C75769A3}.Debug-MemoryOnly|ARM64.ActiveCfg = Debug|ARM64
		{FB95E20A-AB97-4799-9AC9-67D0C75769A3}.Debug-MemoryOnly|ARM64.Build.0 = Debug|ARM64
		{FB95E20A-AB97-4799-9AC9-67D0C75769A3}.Debug-MemoryOnly|x64.ActiveCfg = Debug|x64
		{FB95E20A-AB97-4799-9AC9-67D0C75769A3}.Debug-MemoryOnly|x64.Build.0 = Debug|x64
		{FB95E20A-AB97-4799-9AC9-67D0C75769A3}.Debug-MemoryOnly|x86.ActiveCfg = Debug|x86
		{FB95E20A-AB97-4799-9AC9-67D0C75769A3}.Debug-MemoryOnly|x86.Build.0 = Debug|x86
		{FB95E20A-AB97-4799-9AC9-67D0C75769A3}.Debug-Single|Any CPU.ActiveCfg = Debug|Any CPU
		{FB95E20A-AB97-4799-9AC9-67D0C75769A3}.Debug-Single|Any CPU.Build.0 = Debug|Any CPU
		{FB95E20A-AB97-4799-9AC9-67D0C75769A3}.Debug-Single|ARM64.ActiveCfg = Debug|ARM64
		{FB95E20A-AB97-4799-9AC9-67D0C75769A3}.Debug-Single|ARM64.Build.0 = Debug|ARM64
		{FB95E20A-AB97-4799-9AC9-67D0C75769A3}.Debug-Single|x64.ActiveCfg = Debug|x64
		{FB95E20A-AB97-4799-9AC9-67D0C75769A3}.Debug-Single|x64.Build.0 = Debug|x64
		{FB95E20A-AB97-4799-9AC9-67D0C75769A3}.Debug-Single|x86.ActiveCfg = Debug|x86
		{FB95E20A-AB97-4799-9AC9-67D0C75769A3}.Debug-Single|x86.Build.0 = Debug|x86
		{FB95E20A-AB97-4799-9AC9-67D0C75769A3}.Release|Any CPU.ActiveCfg = Release|Any CPU
		{FB95E20A-AB97-4799-9AC9-67D0C75769A3}.Release|Any CPU.Build.0 = Release|Any CPU
		{FB95E20A-AB97-4799-9AC9-67D0C75769A3}.Release|ARM64.ActiveCfg = Release|ARM64
		{FB95E20A-AB97-4799-9AC9-67D0C75769A3}.Release|ARM64.Build.0 = Release|ARM64
		{FB95E20A-AB97-4799-9AC9-67D0C75769A3}.Release|x64.ActiveCfg = Release|x64
		{FB95E20A-AB97-4799-9AC9-67D0C75769A3}.Release|x64.Build.0 = Release|x64
		{FB95E20A-AB97-4799-9AC9-67D0C75769A3}.Release|x86.ActiveCfg = Release|x86
		{FB95E20A-AB97-4799-9AC9-67D0C75769A3}.Release|x86.Build.0 = Release|x86
		{FB95E20A-AB97-4799-9AC9-67D0C75769A3}.Release-MemoryOnly|Any CPU.ActiveCfg = Release|Any CPU
		{FB95E20A-AB97-4799-9AC9-67D0C75769A3}.Release-MemoryOnly|Any CPU.Build.0 = Release|Any CPU
		{FB95E20A-AB97-4799-9AC9-67D0C75769A3}.Release-MemoryOnly|ARM64.ActiveCfg = Release|ARM64
		{FB95E20A-AB97-4799-9AC9-67D0C75769A3}.Release-MemoryOnly|ARM64.Build.0 = Release|ARM64
		{FB95E20A-AB97-4799-9AC9-67D0C75769A3}.Release-MemoryOnly|x64.ActiveCfg = Release|x64
		{FB95E20A-AB97-4799-9AC9-67D0C75769A3}.Release-MemoryOnly|x64.Build.0 = Release|x64
		{FB95E20A-AB97-4799-9AC9-67D0C75769A3}.Release-MemoryOnly|x86.ActiveCfg = Release|x86
		{FB95E20A-AB97-4799-9AC9-67D0C75769A3}.Release-MemoryOnly|x86.Build.0 = Release|x86
		{FB95E20A-AB97-4799-9AC9-67D0C75769A3}.Release-Single|Any CPU.ActiveCfg = Release|Any CPU
		{FB95E20A-AB97-4799-9AC9-67D0C75769A3}.Release-Single|Any CPU.Build.0 = Release|Any CPU
		{FB95E20A-AB97-4799-9AC9-67D0C75769A3}.Release-Single|ARM64.ActiveCfg = Release|ARM64
		{FB95E20A-AB97-4799-9AC9-67D0C75769A3}.Release-Single|ARM64.Build.0 = Release|ARM64
		{FB95E20A-AB97-4799-9AC9-67D0C75769A3}.Release-Single|x64.ActiveCfg = Release|x64
		{FB95E20A-AB97-4799-9AC9-67D0C75769A3}.Release-Single|x64.Build.0 = Release|x64
		{FB95E20A-AB97-4799-9AC9-67D0C75769A3}.Release-Single|x86.ActiveCfg = Release|x86
		{FB95E20A-AB97-4799-9AC9-67D0C75769A3}.Release-Single|x86.Build.0 = Release|x86
		{69E076B4-5D89-4342-976D-C2E09C63DDA3}.Debug|Any CPU.ActiveCfg = Debug|Any CPU
		{69E076B4-5D89-4342-976D-C2E09C63DDA3}.Debug|Any CPU.Build.0 = Debug|Any CPU
		{69E076B4-5D89-4342-976D-C2E09C63DDA3}.Debug|ARM64.ActiveCfg = CoreRelease|ARM64
		{69E076B4-5D89-4342-976D-C2E09C63DDA3}.Debug|ARM64.Build.0 = CoreRelease|ARM64
		{69E076B4-5D89-4342-976D-C2E09C63DDA3}.Debug|x64.ActiveCfg = Debug|x64
		{69E076B4-5D89-4342-976D-C2E09C63DDA3}.Debug|x64.Build.0 = Debug|x64
		{69E076B4-5D89-4342-976D-C2E09C63DDA3}.Debug|x86.ActiveCfg = Debug|x86
		{69E076B4-5D89-4342-976D-C2E09C63DDA3}.Debug|x86.Build.0 = Debug|x86
		{69E076B4-5D89-4342-976D-C2E09C63DDA3}.Debug-MemoryOnly|Any CPU.ActiveCfg = Debug|Any CPU
		{69E076B4-5D89-4342-976D-C2E09C63DDA3}.Debug-MemoryOnly|Any CPU.Build.0 = Debug|Any CPU
		{69E076B4-5D89-4342-976D-C2E09C63DDA3}.Debug-MemoryOnly|ARM64.ActiveCfg = Debug|ARM64
		{69E076B4-5D89-4342-976D-C2E09C63DDA3}.Debug-MemoryOnly|ARM64.Build.0 = Debug|ARM64
		{69E076B4-5D89-4342-976D-C2E09C63DDA3}.Debug-MemoryOnly|x64.ActiveCfg = Debug|x64
		{69E076B4-5D89-4342-976D-C2E09C63DDA3}.Debug-MemoryOnly|x64.Build.0 = Debug|x64
		{69E076B4-5D89-4342-976D-C2E09C63DDA3}.Debug-MemoryOnly|x86.ActiveCfg = Debug|x86
		{69E076B4-5D89-4342-976D-C2E09C63DDA3}.Debug-MemoryOnly|x86.Build.0 = Debug|x86
		{69E076B4-5D89-4342-976D-C2E09C63DDA3}.Debug-Single|Any CPU.ActiveCfg = Debug|Any CPU
		{69E076B4-5D89-4342-976D-C2E09C63DDA3}.Debug-Single|Any CPU.Build.0 = Debug|Any CPU
		{69E076B4-5D89-4342-976D-C2E09C63DDA3}.Debug-Single|ARM64.ActiveCfg = Debug|ARM64
		{69E076B4-5D89-4342-976D-C2E09C63DDA3}.Debug-Single|ARM64.Build.0 = Debug|ARM64
		{69E076B4-5D89-4342-976D-C2E09C63DDA3}.Debug-Single|x64.ActiveCfg = Debug|x64
		{69E076B4-5D89-4342-976D-C2E09C63DDA3}.Debug-Single|x64.Build.0 = Debug|x64
		{69E076B4-5D89-4342-976D-C2E09C63DDA3}.Debug-Single|x86.ActiveCfg = Debug|x86
		{69E076B4-5D89-4342-976D-C2E09C63DDA3}.Debug-Single|x86.Build.0 = Debug|x86
		{69E076B4-5D89-4342-976D-C2E09C63DDA3}.Release|Any CPU.ActiveCfg = Release|Any CPU
		{69E076B4-5D89-4342-976D-C2E09C63DDA3}.Release|Any CPU.Build.0 = Release|Any CPU
		{69E076B4-5D89-4342-976D-C2E09C63DDA3}.Release|ARM64.ActiveCfg = Release|ARM64
		{69E076B4-5D89-4342-976D-C2E09C63DDA3}.Release|ARM64.Build.0 = Release|ARM64
		{69E076B4-5D89-4342-976D-C2E09C63DDA3}.Release|x64.ActiveCfg = Release|x64
		{69E076B4-5D89-4342-976D-C2E09C63DDA3}.Release|x64.Build.0 = Release|x64
		{69E076B4-5D89-4342-976D-C2E09C63DDA3}.Release|x86.ActiveCfg = Release|x86
		{69E076B4-5D89-4342-976D-C2E09C63DDA3}.Release|x86.Build.0 = Release|x86
		{69E076B4-5D89-4342-976D-C2E09C63DDA3}.Release-MemoryOnly|Any CPU.ActiveCfg = Release|Any CPU
		{69E076B4-5D89-4342-976D-C2E09C63DDA3}.Release-MemoryOnly|Any CPU.Build.0 = Release|Any CPU
		{69E076B4-5D89-4342-976D-C2E09C63DDA3}.Release-MemoryOnly|ARM64.ActiveCfg = Release|ARM64
		{69E076B4-5D89-4342-976D-C2E09C63DDA3}.Release-MemoryOnly|ARM64.Build.0 = Release|ARM64
		{69E076B4-5D89-4342-976D-C2E09C63DDA3}.Release-MemoryOnly|x64.ActiveCfg = Release|x64
		{69E076B4-5D89-4342-976D-C2E09C63DDA3}.Release-MemoryOnly|x64.Build.0 = Release|x64
		{69E076B4-5D89-4342-976D-C2E09C63DDA3}.Release-MemoryOnly|x86.ActiveCfg = Release|x86
		{69E076B4-5D89-4342-976D-C2E09C63DDA3}.Release-MemoryOnly|x86.Build.0 = Release|x86
		{69E076B4-5D89-4342-976D-C2E09C63DDA3}.Release-Single|Any CPU.ActiveCfg = Release|Any CPU
		{69E076B4-5D89-4342-976D-C2E09C63DDA3}.Release-Single|Any CPU.Build.0 = Release|Any CPU
		{69E076B4-5D89-4342-976D-C2E09C63DDA3}.Release-Single|ARM64.ActiveCfg = Release|ARM64
		{69E076B4-5D89-4342-976D-C2E09C63DDA3}.Release-Single|ARM64.Build.0 = Release|ARM64
		{69E076B4-5D89-4342-976D-C2E09C63DDA3}.Release-Single|x64.ActiveCfg = Release|x64
		{69E076B4-5D89-4342-976D-C2E09C63DDA3}.Release-Single|x64.Build.0 = Release|x64
		{69E076B4-5D89-4342-976D-C2E09C63DDA3}.Release-Single|x86.ActiveCfg = Release|x86
		{69E076B4-5D89-4342-976D-C2E09C63DDA3}.Release-Single|x86.Build.0 = Release|x86
		{95A12C9A-94F1-4E5A-A60D-AFBF92078302}.Debug|Any CPU.ActiveCfg = Debug|Any CPU
		{95A12C9A-94F1-4E5A-A60D-AFBF92078302}.Debug|Any CPU.Build.0 = Debug|Any CPU
		{95A12C9A-94F1-4E5A-A60D-AFBF92078302}.Debug|ARM64.ActiveCfg = Debug|ARM64
		{95A12C9A-94F1-4E5A-A60D-AFBF92078302}.Debug|ARM64.Build.0 = Debug|ARM64
		{95A12C9A-94F1-4E5A-A60D-AFBF92078302}.Debug|x64.ActiveCfg = Debug|x64
		{95A12C9A-94F1-4E5A-A60D-AFBF92078302}.Debug|x64.Build.0 = Debug|x64
		{95A12C9A-94F1-4E5A-A60D-AFBF92078302}.Debug|x86.ActiveCfg = Debug|x86
		{95A12C9A-94F1-4E5A-A60D-AFBF92078302}.Debug|x86.Build.0 = Debug|x86
		{95A12C9A-94F1-4E5A-A60D-AFBF92078302}.Debug-MemoryOnly|Any CPU.ActiveCfg = Debug|Any CPU
		{95A12C9A-94F1-4E5A-A60D-AFBF92078302}.Debug-MemoryOnly|Any CPU.Build.0 = Debug|Any CPU
		{95A12C9A-94F1-4E5A-A60D-AFBF92078302}.Debug-MemoryOnly|ARM64.ActiveCfg = Debug|ARM64
		{95A12C9A-94F1-4E5A-A60D-AFBF92078302}.Debug-MemoryOnly|ARM64.Build.0 = Debug|ARM64
		{95A12C9A-94F1-4E5A-A60D-AFBF92078302}.Debug-MemoryOnly|x64.ActiveCfg = Debug|x64
		{95A12C9A-94F1-4E5A-A60D-AFBF92078302}.Debug-MemoryOnly|x64.Build.0 = Debug|x64
		{95A12C9A-94F1-4E5A-A60D-AFBF92078302}.Debug-MemoryOnly|x86.ActiveCfg = Debug|x86
		{95A12C9A-94F1-4E5A-A60D-AFBF92078302}.Debug-MemoryOnly|x86.Build.0 = Debug|x86
		{95A12C9A-94F1-4E5A-A60D-AFBF92078302}.Debug-Single|Any CPU.ActiveCfg = Debug|Any CPU
		{95A12C9A-94F1-4E5A-A60D-AFBF92078302}.Debug-Single|Any CPU.Build.0 = Debug|Any CPU
		{95A12C9A-94F1-4E5A-A60D-AFBF92078302}.Debug-Single|ARM64.ActiveCfg = Debug|ARM64
		{95A12C9A-94F1-4E5A-A60D-AFBF92078302}.Debug-Single|ARM64.Build.0 = Debug|ARM64
		{95A12C9A-94F1-4E5A-A60D-AFBF92078302}.Debug-Single|x64.ActiveCfg = Debug|x64
		{95A12C9A-94F1-4E5A-A60D-AFBF92078302}.Debug-Single|x64.Build.0 = Debug|x64
		{95A12C9A-94F1-4E5A-A60D-AFBF92078302}.Debug-Single|x86.ActiveCfg = Debug|x86
		{95A12C9A-94F1-4E5A-A60D-AFBF92078302}.Debug-Single|x86.Build.0 = Debug|x86
		{95A12C9A-94F1-4E5A-A60D-AFBF92078302}.Release|Any CPU.ActiveCfg = Release|Any CPU
		{95A12C9A-94F1-4E5A-A60D-AFBF92078302}.Release|Any CPU.Build.0 = Release|Any CPU
		{95A12C9A-94F1-4E5A-A60D-AFBF92078302}.Release|ARM64.ActiveCfg = Release|ARM64
		{95A12C9A-94F1-4E5A-A60D-AFBF92078302}.Release|ARM64.Build.0 = Release|ARM64
		{95A12C9A-94F1-4E5A-A60D-AFBF92078302}.Release|x64.ActiveCfg = Release|x64
		{95A12C9A-94F1-4E5A-A60D-AFBF92078302}.Release|x64.Build.0 = Release|x64
		{95A12C9A-94F1-4E5A-A60D-AFBF92078302}.Release|x86.ActiveCfg = Release|x86
		{95A12C9A-94F1-4E5A-A60D-AFBF92078302}.Release|x86.Build.0 = Release|x86
		{95A12C9A-94F1-4E5A-A60D-AFBF92078302}.Release-MemoryOnly|Any CPU.ActiveCfg = Release|Any CPU
		{95A12C9A-94F1-4E5A-A60D-AFBF92078302}.Release-MemoryOnly|Any CPU.Build.0 = Release|Any CPU
		{95A12C9A-94F1-4E5A-A60D-AFBF92078302}.Release-MemoryOnly|ARM64.ActiveCfg = Release|ARM64
		{95A12C9A-94F1-4E5A-A60D-AFBF92078302}.Release-MemoryOnly|ARM64.Build.0 = Release|ARM64
		{95A12C9A-94F1-4E5A-A60D-AFBF92078302}.Release-MemoryOnly|x64.ActiveCfg = Release|x64
		{95A12C9A-94F1-4E5A-A60D-AFBF92078302}.Release-MemoryOnly|x64.Build.0 = Release|x64
		{95A12C9A-94F1-4E5A-A60D-AFBF92078302}.Release-MemoryOnly|x86.ActiveCfg = Release|x86
		{95A12C9A-94F1-4E5A-A60D-AFBF92078302}.Release-MemoryOnly|x86.Build.0 = Release|x86
		{95A12C9A-94F1-4E5A-A60D-AFBF92078302}.Release-Single|Any CPU.ActiveCfg = Release|Any CPU
		{95A12C9A-94F1-4E5A-A60D-AFBF92078302}.Release-Single|Any CPU.Build.0 = Release|Any CPU
		{95A12C9A-94F1-4E5A-A60D-AFBF92078302}.Release-Single|ARM64.ActiveCfg = Release|ARM64
		{95A12C9A-94F1-4E5A-A60D-AFBF92078302}.Release-Single|ARM64.Build.0 = Release|ARM64
		{95A12C9A-94F1-4E5A-A60D-AFBF92078302}.Release-Single|x64.ActiveCfg = Release|x64
		{95A12C9A-94F1-4E5A-A60D-AFBF92078302}.Release-Single|x64.Build.0 = Release|x64
		{95A12C9A-94F1-4E5A-A60D-AFBF92078302}.Release-Single|x86.ActiveCfg = Release|x86
		{95A12C9A-94F1-4E5A-A60D-AFBF92078302}.Release-Single|x86.Build.0 = Release|x86
		{78076324-C3CF-4698-A487-DF57DA0DD113}.Debug|Any CPU.ActiveCfg = Debug|Any CPU
		{78076324-C3CF-4698-A487-DF57DA0DD113}.Debug|Any CPU.Build.0 = Debug|Any CPU
		{78076324-C3CF-4698-A487-DF57DA0DD113}.Debug|ARM64.ActiveCfg = Debug|ARM64
		{78076324-C3CF-4698-A487-DF57DA0DD113}.Debug|ARM64.Build.0 = Debug|ARM64
		{78076324-C3CF-4698-A487-DF57DA0DD113}.Debug|x64.ActiveCfg = Debug|x64
		{78076324-C3CF-4698-A487-DF57DA0DD113}.Debug|x64.Build.0 = Debug|x64
		{78076324-C3CF-4698-A487-DF57DA0DD113}.Debug|x86.ActiveCfg = Debug|x86
		{78076324-C3CF-4698-A487-DF57DA0DD113}.Debug|x86.Build.0 = Debug|x86
		{78076324-C3CF-4698-A487-DF57DA0DD113}.Debug-MemoryOnly|Any CPU.ActiveCfg = Debug|Any CPU
		{78076324-C3CF-4698-A487-DF57DA0DD113}.Debug-MemoryOnly|Any CPU.Build.0 = Debug|Any CPU
		{78076324-C3CF-4698-A487-DF57DA0DD113}.Debug-MemoryOnly|ARM64.ActiveCfg = Debug|ARM64
		{78076324-C3CF-4698-A487-DF57DA0DD113}.Debug-MemoryOnly|ARM64.Build.0 = Debug|ARM64
		{78076324-C3CF-4698-A487-DF57DA0DD113}.Debug-MemoryOnly|x64.ActiveCfg = Debug|x64
		{78076324-C3CF-4698-A487-DF57DA0DD113}.Debug-MemoryOnly|x64.Build.0 = Debug|x64
		{78076324-C3CF-4698-A487-DF57DA0DD113}.Debug-MemoryOnly|x86.ActiveCfg = Debug|x86
		{78076324-C3CF-4698-A487-DF57DA0DD113}.Debug-MemoryOnly|x86.Build.0 = Debug|x86
		{78076324-C3CF-4698-A487-DF57DA0DD113}.Debug-Single|Any CPU.ActiveCfg = Debug|Any CPU
		{78076324-C3CF-4698-A487-DF57DA0DD113}.Debug-Single|Any CPU.Build.0 = Debug|Any CPU
		{78076324-C3CF-4698-A487-DF57DA0DD113}.Debug-Single|ARM64.ActiveCfg = Debug|ARM64
		{78076324-C3CF-4698-A487-DF57DA0DD113}.Debug-Single|ARM64.Build.0 = Debug|ARM64
		{78076324-C3CF-4698-A487-DF57DA0DD113}.Debug-Single|x64.ActiveCfg = Debug|x64
		{78076324-C3CF-4698-A487-DF57DA0DD113}.Debug-Single|x64.Build.0 = Debug|x64
		{78076324-C3CF-4698-A487-DF57DA0DD113}.Debug-Single|x86.ActiveCfg = Debug|x86
		{78076324-C3CF-4698-A487-DF57DA0DD113}.Debug-Single|x86.Build.0 = Debug|x86
		{78076324-C3CF-4698-A487-DF57DA0DD113}.Release|Any CPU.ActiveCfg = Release|Any CPU
		{78076324-C3CF-4698-A487-DF57DA0DD113}.Release|Any CPU.Build.0 = Release|Any CPU
		{78076324-C3CF-4698-A487-DF57DA0DD113}.Release|ARM64.ActiveCfg = Release|ARM64
		{78076324-C3CF-4698-A487-DF57DA0DD113}.Release|ARM64.Build.0 = Release|ARM64
		{78076324-C3CF-4698-A487-DF57DA0DD113}.Release|x64.ActiveCfg = Release|x64
		{78076324-C3CF-4698-A487-DF57DA0DD113}.Release|x64.Build.0 = Release|x64
		{78076324-C3CF-4698-A487-DF57DA0DD113}.Release|x86.ActiveCfg = Release|x86
		{78076324-C3CF-4698-A487-DF57DA0DD113}.Release|x86.Build.0 = Release|x86
		{78076324-C3CF-4698-A487-DF57DA0DD113}.Release-MemoryOnly|Any CPU.ActiveCfg = Release|Any CPU
		{78076324-C3CF-4698-A487-DF57DA0DD113}.Release-MemoryOnly|Any CPU.Build.0 = Release|Any CPU
		{78076324-C3CF-4698-A487-DF57DA0DD113}.Release-MemoryOnly|ARM64.ActiveCfg = Release|ARM64
		{78076324-C3CF-4698-A487-DF57DA0DD113}.Release-MemoryOnly|ARM64.Build.0 = Release|ARM64
		{78076324-C3CF-4698-A487-DF57DA0DD113}.Release-MemoryOnly|x64.ActiveCfg = Release|x64
		{78076324-C3CF-4698-A487-DF57DA0DD113}.Release-MemoryOnly|x64.Build.0 = Release|x64
		{78076324-C3CF-4698-A487-DF57DA0DD113}.Release-MemoryOnly|x86.ActiveCfg = Release|x86
		{78076324-C3CF-4698-A487-DF57DA0DD113}.Release-MemoryOnly|x86.Build.0 = Release|x86
		{78076324-C3CF-4698-A487-DF57DA0DD113}.Release-Single|Any CPU.ActiveCfg = Release|Any CPU
		{78076324-C3CF-4698-A487-DF57DA0DD113}.Release-Single|Any CPU.Build.0 = Release|Any CPU
		{78076324-C3CF-4698-A487-DF57DA0DD113}.Release-Single|ARM64.ActiveCfg = Release|ARM64
		{78076324-C3CF-4698-A487-DF57DA0DD113}.Release-Single|ARM64.Build.0 = Release|ARM64
		{78076324-C3CF-4698-A487-DF57DA0DD113}.Release-Single|x64.ActiveCfg = Release|x64
		{78076324-C3CF-4698-A487-DF57DA0DD113}.Release-Single|x64.Build.0 = Release|x64
		{78076324-C3CF-4698-A487-DF57DA0DD113}.Release-Single|x86.ActiveCfg = Release|x86
		{78076324-C3CF-4698-A487-DF57DA0DD113}.Release-Single|x86.Build.0 = Release|x86
		{3F6EF5A7-9C6E-4695-9B7B-30324CDC4066}.Debug|Any CPU.ActiveCfg = Debug|Any CPU
		{3F6EF5A7-9C6E-4695-9B7B-30324CDC4066}.Debug|Any CPU.Build.0 = Debug|Any CPU
		{3F6EF5A7-9C6E-4695-9B7B-30324CDC4066}.Debug|ARM64.ActiveCfg = CoreDebug|ARM64
		{3F6EF5A7-9C6E-4695-9B7B-30324CDC4066}.Debug|ARM64.Build.0 = CoreDebug|ARM64
		{3F6EF5A7-9C6E-4695-9B7B-30324CDC4066}.Debug|x64.ActiveCfg = Debug|x64
		{3F6EF5A7-9C6E-4695-9B7B-30324CDC4066}.Debug|x64.Build.0 = Debug|x64
		{3F6EF5A7-9C6E-4695-9B7B-30324CDC4066}.Debug|x86.ActiveCfg = Debug|x86
		{3F6EF5A7-9C6E-4695-9B7B-30324CDC4066}.Debug|x86.Build.0 = Debug|x86
		{3F6EF5A7-9C6E-4695-9B7B-30324CDC4066}.Debug-MemoryOnly|Any CPU.ActiveCfg = Debug|Any CPU
		{3F6EF5A7-9C6E-4695-9B7B-30324CDC4066}.Debug-MemoryOnly|Any CPU.Build.0 = Debug|Any CPU
		{3F6EF5A7-9C6E-4695-9B7B-30324CDC4066}.Debug-MemoryOnly|ARM64.ActiveCfg = Debug|ARM64
		{3F6EF5A7-9C6E-4695-9B7B-30324CDC4066}.Debug-MemoryOnly|ARM64.Build.0 = Debug|ARM64
		{3F6EF5A7-9C6E-4695-9B7B-30324CDC4066}.Debug-MemoryOnly|x64.ActiveCfg = Debug|x64
		{3F6EF5A7-9C6E-4695-9B7B-30324CDC4066}.Debug-MemoryOnly|x64.Build.0 = Debug|x64
		{3F6EF5A7-9C6E-4695-9B7B-30324CDC4066}.Debug-MemoryOnly|x86.ActiveCfg = Debug|x86
		{3F6EF5A7-9C6E-4695-9B7B-30324CDC4066}.Debug-MemoryOnly|x86.Build.0 = Debug|x86
		{3F6EF5A7-9C6E-4695-9B7B-30324CDC4066}.Debug-Single|Any CPU.ActiveCfg = Debug|Any CPU
		{3F6EF5A7-9C6E-4695-9B7B-30324CDC4066}.Debug-Single|Any CPU.Build.0 = Debug|Any CPU
		{3F6EF5A7-9C6E-4695-9B7B-30324CDC4066}.Debug-Single|ARM64.ActiveCfg = Debug|ARM64
		{3F6EF5A7-9C6E-4695-9B7B-30324CDC4066}.Debug-Single|ARM64.Build.0 = Debug|ARM64
		{3F6EF5A7-9C6E-4695-9B7B-30324CDC4066}.Debug-Single|x64.ActiveCfg = Debug|x64
		{3F6EF5A7-9C6E-4695-9B7B-30324CDC4066}.Debug-Single|x64.Build.0 = Debug|x64
		{3F6EF5A7-9C6E-4695-9B7B-30324CDC4066}.Debug-Single|x86.ActiveCfg = Debug|x86
		{3F6EF5A7-9C6E-4695-9B7B-30324CDC4066}.Debug-Single|x86.Build.0 = Debug|x86
		{3F6EF5A7-9C6E-4695-9B7B-30324CDC4066}.Release|Any CPU.ActiveCfg = Release|Any CPU
		{3F6EF5A7-9C6E-4695-9B7B-30324CDC4066}.Release|Any CPU.Build.0 = Release|Any CPU
		{3F6EF5A7-9C6E-4695-9B7B-30324CDC4066}.Release|ARM64.ActiveCfg = Release|ARM64
		{3F6EF5A7-9C6E-4695-9B7B-30324CDC4066}.Release|ARM64.Build.0 = Release|ARM64
		{3F6EF5A7-9C6E-4695-9B7B-30324CDC4066}.Release|x64.ActiveCfg = Release|x64
		{3F6EF5A7-9C6E-4695-9B7B-30324CDC4066}.Release|x64.Build.0 = Release|x64
		{3F6EF5A7-9C6E-4695-9B7B-30324CDC4066}.Release|x86.ActiveCfg = Release|x86
		{3F6EF5A7-9C6E-4695-9B7B-30324CDC4066}.Release|x86.Build.0 = Release|x86
		{3F6EF5A7-9C6E-4695-9B7B-30324CDC4066}.Release-MemoryOnly|Any CPU.ActiveCfg = Release|Any CPU
		{3F6EF5A7-9C6E-4695-9B7B-30324CDC4066}.Release-MemoryOnly|Any CPU.Build.0 = Release|Any CPU
		{3F6EF5A7-9C6E-4695-9B7B-30324CDC4066}.Release-MemoryOnly|ARM64.ActiveCfg = Release|ARM64
		{3F6EF5A7-9C6E-4695-9B7B-30324CDC4066}.Release-MemoryOnly|ARM64.Build.0 = Release|ARM64
		{3F6EF5A7-9C6E-4695-9B7B-30324CDC4066}.Release-MemoryOnly|x64.ActiveCfg = Release|x64
		{3F6EF5A7-9C6E-4695-9B7B-30324CDC4066}.Release-MemoryOnly|x64.Build.0 = Release|x64
		{3F6EF5A7-9C6E-4695-9B7B-30324CDC4066}.Release-MemoryOnly|x86.ActiveCfg = Release|x86
		{3F6EF5A7-9C6E-4695-9B7B-30324CDC4066}.Release-MemoryOnly|x86.Build.0 = Release|x86
		{3F6EF5A7-9C6E-4695-9B7B-30324CDC4066}.Release-Single|Any CPU.ActiveCfg = Release|Any CPU
		{3F6EF5A7-9C6E-4695-9B7B-30324CDC4066}.Release-Single|Any CPU.Build.0 = Release|Any CPU
		{3F6EF5A7-9C6E-4695-9B7B-30324CDC4066}.Release-Single|ARM64.ActiveCfg = Release|ARM64
		{3F6EF5A7-9C6E-4695-9B7B-30324CDC4066}.Release-Single|ARM64.Build.0 = Release|ARM64
		{3F6EF5A7-9C6E-4695-9B7B-30324CDC4066}.Release-Single|x64.ActiveCfg = Release|x64
		{3F6EF5A7-9C6E-4695-9B7B-30324CDC4066}.Release-Single|x64.Build.0 = Release|x64
		{3F6EF5A7-9C6E-4695-9B7B-30324CDC4066}.Release-Single|x86.ActiveCfg = Release|x86
		{3F6EF5A7-9C6E-4695-9B7B-30324CDC4066}.Release-Single|x86.Build.0 = Release|x86
		{8A145E60-3FAC-421B-9EBB-732F86A07395}.Debug|Any CPU.ActiveCfg = Debug|Any CPU
		{8A145E60-3FAC-421B-9EBB-732F86A07395}.Debug|Any CPU.Build.0 = Debug|Any CPU
		{8A145E60-3FAC-421B-9EBB-732F86A07395}.Debug|ARM64.ActiveCfg = Debug|ARM64
		{8A145E60-3FAC-421B-9EBB-732F86A07395}.Debug|ARM64.Build.0 = Debug|ARM64
		{8A145E60-3FAC-421B-9EBB-732F86A07395}.Debug|x64.ActiveCfg = Debug|x64
		{8A145E60-3FAC-421B-9EBB-732F86A07395}.Debug|x64.Build.0 = Debug|x64
		{8A145E60-3FAC-421B-9EBB-732F86A07395}.Debug|x86.ActiveCfg = Debug|x86
		{8A145E60-3FAC-421B-9EBB-732F86A07395}.Debug|x86.Build.0 = Debug|x86
		{8A145E60-3FAC-421B-9EBB-732F86A07395}.Debug-MemoryOnly|Any CPU.ActiveCfg = Debug|Any CPU
		{8A145E60-3FAC-421B-9EBB-732F86A07395}.Debug-MemoryOnly|Any CPU.Build.0 = Debug|Any CPU
		{8A145E60-3FAC-421B-9EBB-732F86A07395}.Debug-MemoryOnly|ARM64.ActiveCfg = Debug|ARM64
		{8A145E60-3FAC-421B-9EBB-732F86A07395}.Debug-MemoryOnly|ARM64.Build.0 = Debug|ARM64
		{8A145E60-3FAC-421B-9EBB-732F86A07395}.Debug-MemoryOnly|x64.ActiveCfg = Debug|x64
		{8A145E60-3FAC-421B-9EBB-732F86A07395}.Debug-MemoryOnly|x64.Build.0 = Debug|x64
		{8A145E60-3FAC-421B-9EBB-732F86A07395}.Debug-MemoryOnly|x86.ActiveCfg = Debug|x86
		{8A145E60-3FAC-421B-9EBB-732F86A07395}.Debug-MemoryOnly|x86.Build.0 = Debug|x86
		{8A145E60-3FAC-421B-9EBB-732F86A07395}.Debug-Single|Any CPU.ActiveCfg = Debug|Any CPU
		{8A145E60-3FAC-421B-9EBB-732F86A07395}.Debug-Single|Any CPU.Build.0 = Debug|Any CPU
		{8A145E60-3FAC-421B-9EBB-732F86A07395}.Debug-Single|ARM64.ActiveCfg = Debug|ARM64
		{8A145E60-3FAC-421B-9EBB-732F86A07395}.Debug-Single|ARM64.Build.0 = Debug|ARM64
		{8A145E60-3FAC-421B-9EBB-732F86A07395}.Debug-Single|x64.ActiveCfg = Debug|x64
		{8A145E60-3FAC-421B-9EBB-732F86A07395}.Debug-Single|x64.Build.0 = Debug|x64
		{8A145E60-3FAC-421B-9EBB-732F86A07395}.Debug-Single|x86.ActiveCfg = Debug|x86
		{8A145E60-3FAC-421B-9EBB-732F86A07395}.Debug-Single|x86.Build.0 = Debug|x86
		{8A145E60-3FAC-421B-9EBB-732F86A07395}.Release|Any CPU.ActiveCfg = Release|Any CPU
		{8A145E60-3FAC-421B-9EBB-732F86A07395}.Release|Any CPU.Build.0 = Release|Any CPU
		{8A145E60-3FAC-421B-9EBB-732F86A07395}.Release|ARM64.ActiveCfg = Release|ARM64
		{8A145E60-3FAC-421B-9EBB-732F86A07395}.Release|ARM64.Build.0 = Release|ARM64
		{8A145E60-3FAC-421B-9EBB-732F86A07395}.Release|x64.ActiveCfg = Release|x64
		{8A145E60-3FAC-421B-9EBB-732F86A07395}.Release|x64.Build.0 = Release|x64
		{8A145E60-3FAC-421B-9EBB-732F86A07395}.Release|x86.ActiveCfg = Release|x86
		{8A145E60-3FAC-421B-9EBB-732F86A07395}.Release|x86.Build.0 = Release|x86
		{8A145E60-3FAC-421B-9EBB-732F86A07395}.Release-MemoryOnly|Any CPU.ActiveCfg = Release|Any CPU
		{8A145E60-3FAC-421B-9EBB-732F86A07395}.Release-MemoryOnly|Any CPU.Build.0 = Release|Any CPU
		{8A145E60-3FAC-421B-9EBB-732F86A07395}.Release-MemoryOnly|ARM64.ActiveCfg = Release|ARM64
		{8A145E60-3FAC-421B-9EBB-732F86A07395}.Release-MemoryOnly|ARM64.Build.0 = Release|ARM64
		{8A145E60-3FAC-421B-9EBB-732F86A07395}.Release-MemoryOnly|x64.ActiveCfg = Release|x64
		{8A145E60-3FAC-421B-9EBB-732F86A07395}.Release-MemoryOnly|x64.Build.0 = Release|x64
		{8A145E60-3FAC-421B-9EBB-732F86A07395}.Release-MemoryOnly|x86.ActiveCfg = Release|x86
		{8A145E60-3FAC-421B-9EBB-732F86A07395}.Release-MemoryOnly|x86.Build.0 = Release|x86
		{8A145E60-3FAC-421B-9EBB-732F86A07395}.Release-Single|Any CPU.ActiveCfg = Release|Any CPU
		{8A145E60-3FAC-421B-9EBB-732F86A07395}.Release-Single|Any CPU.Build.0 = Release|Any CPU
		{8A145E60-3FAC-421B-9EBB-732F86A07395}.Release-Single|ARM64.ActiveCfg = Release|ARM64
		{8A145E60-3FAC-421B-9EBB-732F86A07395}.Release-Single|ARM64.Build.0 = Release|ARM64
		{8A145E60-3FAC-421B-9EBB-732F86A07395}.Release-Single|x64.ActiveCfg = Release|x64
		{8A145E60-3FAC-421B-9EBB-732F86A07395}.Release-Single|x64.Build.0 = Release|x64
		{8A145E60-3FAC-421B-9EBB-732F86A07395}.Release-Single|x86.ActiveCfg = Release|x86
		{8A145E60-3FAC-421B-9EBB-732F86A07395}.Release-Single|x86.Build.0 = Release|x86
	EndGlobalSection
	GlobalSection(SolutionProperties) = preSolution
		HideSolutionNode = FALSE
	EndGlobalSection
	GlobalSection(NestedProjects) = preSolution
		{7F0C9119-057E-4552-BCCB-3A00756154ED} = {CC5161A2-E039-4218-ADDE-07BDE203CBFA}
		{2C74BAF4-73B3-4C0A-B5B2-0917BE6F6DBA} = {4E3671ED-E228-45D2-AA69-638315BF1822}
		{E039FAA1-583D-4D9B-9827-B84D0DFF76C0} = {ECDB9D3A-5695-41C2-99D5-AB3562DA22B1}
		{92AED47A-87F2-4DD3-95F0-4B5F8767A0AB} = {ECDB9D3A-5695-41C2-99D5-AB3562DA22B1}
		{6E062311-B25D-42F3-978F-6868CED67942} = {1D4011D4-6726-43F6-83B1-5AF22757F1CB}
		{CFC9BCB7-1908-4413-8DEC-A2F83596192C} = {ECDB9D3A-5695-41C2-99D5-AB3562DA22B1}
		{4AC08D2B-48DD-4A36-B7F8-5FD768EDD5C6} = {ECDB9D3A-5695-41C2-99D5-AB3562DA22B1}
		{C21687C0-CBEF-43B0-A950-2D0BF31F5B92} = {1D4011D4-6726-43F6-83B1-5AF22757F1CB}
		{D1EDC50D-2C53-4339-B3C3-A9B0FFD1347D} = {C21687C0-CBEF-43B0-A950-2D0BF31F5B92}
		{FB95E20A-AB97-4799-9AC9-67D0C75769A3} = {C21687C0-CBEF-43B0-A950-2D0BF31F5B92}
		{69E076B4-5D89-4342-976D-C2E09C63DDA3} = {C21687C0-CBEF-43B0-A950-2D0BF31F5B92}
		{95A12C9A-94F1-4E5A-A60D-AFBF92078302} = {C21687C0-CBEF-43B0-A950-2D0BF31F5B92}
		{78076324-C3CF-4698-A487-DF57DA0DD113} = {C21687C0-CBEF-43B0-A950-2D0BF31F5B92}
		{3F6EF5A7-9C6E-4695-9B7B-30324CDC4066} = {C21687C0-CBEF-43B0-A950-2D0BF31F5B92}
		{8A145E60-3FAC-421B-9EBB-732F86A07395} = {C21687C0-CBEF-43B0-A950-2D0BF31F5B92}
	EndGlobalSection
	GlobalSection(ExtensibilityGlobals) = postSolution
		SolutionGuid = {7346AAA8-ADE3-458F-8EDB-925B1505A7A8}
	EndGlobalSection
EndGlobal
