
Microsoft Visual Studio Solution File, Format Version 12.00
# Visual Studio Version 17
VisualStudioVersion = 17.12.35527.113
MinimumVisualStudioVersion = 10.0.40219.1
Project("{2150E333-8FDC-42A3-9474-1A3956D46DE8}") = "Examples", "Examples", "{1D4011D4-6726-43F6-83B1-5AF22757F1CB}"
EndProject
Project("{9A19103F-16F7-4668-BE54-9A1E7A4F7556}") = "FiftyOne.IpIntelligence.Examples", "Examples\FiftyOne.IpIntelligence.Examples\FiftyOne.IpIntelligence.Examples.csproj", "{6E062311-B25D-42F3-978F-6868CED67942}"
EndProject
Project("{2150E333-8FDC-42A3-9474-1A3956D46DE8}") = "OnPremise", "OnPremise", "{C21687C0-CBEF-43B0-A950-2D0BF31F5B92}"
EndProject
Project("{FAE04EC0-301F-11D3-BF4B-00C04F79EFBC}") = "GettingStarted-Console", "Examples\OnPremise\GettingStarted-Console\GettingStarted-Console.csproj", "{D1EDC50D-2C53-4339-B3C3-A9B0FFD1347D}"
EndProject
Project("{FAE04EC0-301F-11D3-BF4B-00C04F79EFBC}") = "UpdateDataFile-Console", "Examples\OnPremise\UpdateDataFile-Console\UpdateDataFile-Console.csproj", "{FB95E20A-AB97-4799-9AC9-67D0C75769A3}"
EndProject
Project("{FAE04EC0-301F-11D3-BF4B-00C04F79EFBC}") = "OfflineProcessing-Console", "Examples\OnPremise\OfflineProcessing-Console\OfflineProcessing-Console.csproj", "{69E076B4-5D89-4342-976D-C2E09C63DDA3}"
EndProject
Project("{FAE04EC0-301F-11D3-BF4B-00C04F79EFBC}") = "Metadata-Console", "Examples\OnPremise\Metadata-Console\Metadata-Console.csproj", "{95A12C9A-94F1-4E5A-A60D-AFBF92078302}"
EndProject
Project("{FAE04EC0-301F-11D3-BF4B-00C04F79EFBC}") = "GettingStarted-Web", "Examples\OnPremise\GettingStarted-Web\GettingStarted-Web.csproj", "{3F6EF5A7-9C6E-4695-9B7B-30324CDC4066}"
EndProject
Project("{2150E333-8FDC-42A3-9474-1A3956D46DE8}") = "ip-intelligence-dotnet", "ip-intelligence-dotnet", "{106E86A2-3725-4D12-A986-247EA6AD6D86}"
EndProject
Project("{FAE04EC0-301F-11D3-BF4B-00C04F79EFBC}") = "FiftyOne.IpIntelligence", "ip-intelligence-dotnet\FiftyOne.IpIntelligence\FiftyOne.IpIntelligence.csproj", "{E4AEBB46-716E-42B0-BA1A-8C92BE095E18}"
EndProject
Project("{FAE04EC0-301F-11D3-BF4B-00C04F79EFBC}") = "FiftyOne.IpIntelligence.Cloud", "ip-intelligence-dotnet\FiftyOne.IpIntelligence.Cloud\FiftyOne.IpIntelligence.Cloud.csproj", "{3CA8A185-8984-41EA-8443-97CC37E3092B}"
EndProject
Project("{FAE04EC0-301F-11D3-BF4B-00C04F79EFBC}") = "FiftyOne.IpIntelligence.Engine.OnPremise", "ip-intelligence-dotnet\FiftyOne.IpIntelligence.Engine.OnPremise\FiftyOne.IpIntelligence.Engine.OnPremise.csproj", "{4BB01E7D-E4AE-472D-AA6E-08CC97C2F36E}"
EndProject
Project("{FAE04EC0-301F-11D3-BF4B-00C04F79EFBC}") = "FiftyOne.IpIntelligence.Shared", "ip-intelligence-dotnet\FiftyOne.IpIntelligence.Shared\FiftyOne.IpIntelligence.Shared.csproj", "{4F040067-5CEB-4D70-85D7-C71ABBCC6092}"
EndProject
Global
	GlobalSection(SolutionConfigurationPlatforms) = preSolution
		Debug|Any CPU = Debug|Any CPU
		Debug|ARM64 = Debug|ARM64
		Debug|x64 = Debug|x64
		Release|Any CPU = Release|Any CPU
		Release|ARM64 = Release|ARM64
		Release|x64 = Release|x64
	EndGlobalSection
	GlobalSection(ProjectConfigurationPlatforms) = postSolution
		{6E062311-B25D-42F3-978F-6868CED67942}.Debug|Any CPU.ActiveCfg = Debug|Any CPU
		{6E062311-B25D-42F3-978F-6868CED67942}.Debug|Any CPU.Build.0 = Debug|Any CPU
		{6E062311-B25D-42F3-978F-6868CED67942}.Debug|ARM64.ActiveCfg = Debug|ARM64
		{6E062311-B25D-42F3-978F-6868CED67942}.Debug|ARM64.Build.0 = Debug|ARM64
		{6E062311-B25D-42F3-978F-6868CED67942}.Debug|x64.ActiveCfg = Debug|x64
		{6E062311-B25D-42F3-978F-6868CED67942}.Debug|x64.Build.0 = Debug|x64
		{6E062311-B25D-42F3-978F-6868CED67942}.Release|Any CPU.ActiveCfg = Release|Any CPU
		{6E062311-B25D-42F3-978F-6868CED67942}.Release|Any CPU.Build.0 = Release|Any CPU
		{6E062311-B25D-42F3-978F-6868CED67942}.Release|ARM64.ActiveCfg = Release|ARM64
		{6E062311-B25D-42F3-978F-6868CED67942}.Release|ARM64.Build.0 = Release|ARM64
		{6E062311-B25D-42F3-978F-6868CED67942}.Release|x64.ActiveCfg = Release|x64
		{6E062311-B25D-42F3-978F-6868CED67942}.Release|x64.Build.0 = Release|x64
		{D1EDC50D-2C53-4339-B3C3-A9B0FFD1347D}.Debug|Any CPU.ActiveCfg = Debug|Any CPU
		{D1EDC50D-2C53-4339-B3C3-A9B0FFD1347D}.Debug|Any CPU.Build.0 = Debug|Any CPU
		{D1EDC50D-2C53-4339-B3C3-A9B0FFD1347D}.Debug|ARM64.ActiveCfg = Debug|ARM64
		{D1EDC50D-2C53-4339-B3C3-A9B0FFD1347D}.Debug|ARM64.Build.0 = Debug|ARM64
		{D1EDC50D-2C53-4339-B3C3-A9B0FFD1347D}.Debug|x64.ActiveCfg = Debug|x64
		{D1EDC50D-2C53-4339-B3C3-A9B0FFD1347D}.Debug|x64.Build.0 = Debug|x64
		{D1EDC50D-2C53-4339-B3C3-A9B0FFD1347D}.Release|Any CPU.ActiveCfg = Release|Any CPU
		{D1EDC50D-2C53-4339-B3C3-A9B0FFD1347D}.Release|Any CPU.Build.0 = Release|Any CPU
		{D1EDC50D-2C53-4339-B3C3-A9B0FFD1347D}.Release|ARM64.ActiveCfg = Release|ARM64
		{D1EDC50D-2C53-4339-B3C3-A9B0FFD1347D}.Release|ARM64.Build.0 = Release|ARM64
		{D1EDC50D-2C53-4339-B3C3-A9B0FFD1347D}.Release|x64.ActiveCfg = Release|x64
		{D1EDC50D-2C53-4339-B3C3-A9B0FFD1347D}.Release|x64.Build.0 = Release|x64
		{FB95E20A-AB97-4799-9AC9-67D0C75769A3}.Debug|Any CPU.ActiveCfg = Debug|Any CPU
		{FB95E20A-AB97-4799-9AC9-67D0C75769A3}.Debug|Any CPU.Build.0 = Debug|Any CPU
		{FB95E20A-AB97-4799-9AC9-67D0C75769A3}.Debug|ARM64.ActiveCfg = Debug|ARM64
		{FB95E20A-AB97-4799-9AC9-67D0C75769A3}.Debug|ARM64.Build.0 = Debug|ARM64
		{FB95E20A-AB97-4799-9AC9-67D0C75769A3}.Debug|x64.ActiveCfg = Debug|x64
		{FB95E20A-AB97-4799-9AC9-67D0C75769A3}.Debug|x64.Build.0 = Debug|x64
		{FB95E20A-AB97-4799-9AC9-67D0C75769A3}.Release|Any CPU.ActiveCfg = Release|Any CPU
		{FB95E20A-AB97-4799-9AC9-67D0C75769A3}.Release|Any CPU.Build.0 = Release|Any CPU
		{FB95E20A-AB97-4799-9AC9-67D0C75769A3}.Release|ARM64.ActiveCfg = Release|ARM64
		{FB95E20A-AB97-4799-9AC9-67D0C75769A3}.Release|ARM64.Build.0 = Release|ARM64
		{FB95E20A-AB97-4799-9AC9-67D0C75769A3}.Release|x64.ActiveCfg = Release|x64
		{FB95E20A-AB97-4799-9AC9-67D0C75769A3}.Release|x64.Build.0 = Release|x64
		{69E076B4-5D89-4342-976D-C2E09C63DDA3}.Debug|Any CPU.ActiveCfg = Debug|Any CPU
		{69E076B4-5D89-4342-976D-C2E09C63DDA3}.Debug|Any CPU.Build.0 = Debug|Any CPU
		{69E076B4-5D89-4342-976D-C2E09C63DDA3}.Debug|ARM64.ActiveCfg = Debug|ARM64
		{69E076B4-5D89-4342-976D-C2E09C63DDA3}.Debug|ARM64.Build.0 = Debug|ARM64
		{69E076B4-5D89-4342-976D-C2E09C63DDA3}.Debug|x64.ActiveCfg = Debug|x64
		{69E076B4-5D89-4342-976D-C2E09C63DDA3}.Debug|x64.Build.0 = Debug|x64
		{69E076B4-5D89-4342-976D-C2E09C63DDA3}.Release|Any CPU.ActiveCfg = Release|Any CPU
		{69E076B4-5D89-4342-976D-C2E09C63DDA3}.Release|Any CPU.Build.0 = Release|Any CPU
		{69E076B4-5D89-4342-976D-C2E09C63DDA3}.Release|ARM64.ActiveCfg = Release|ARM64
		{69E076B4-5D89-4342-976D-C2E09C63DDA3}.Release|ARM64.Build.0 = Release|ARM64
		{69E076B4-5D89-4342-976D-C2E09C63DDA3}.Release|x64.ActiveCfg = Release|x64
		{69E076B4-5D89-4342-976D-C2E09C63DDA3}.Release|x64.Build.0 = Release|x64
		{95A12C9A-94F1-4E5A-A60D-AFBF92078302}.Debug|Any CPU.ActiveCfg = Debug|Any CPU
		{95A12C9A-94F1-4E5A-A60D-AFBF92078302}.Debug|Any CPU.Build.0 = Debug|Any CPU
		{95A12C9A-94F1-4E5A-A60D-AFBF92078302}.Debug|ARM64.ActiveCfg = Debug|ARM64
		{95A12C9A-94F1-4E5A-A60D-AFBF92078302}.Debug|ARM64.Build.0 = Debug|ARM64
		{95A12C9A-94F1-4E5A-A60D-AFBF92078302}.Debug|x64.ActiveCfg = Debug|x64
		{95A12C9A-94F1-4E5A-A60D-AFBF92078302}.Debug|x64.Build.0 = Debug|x64
		{95A12C9A-94F1-4E5A-A60D-AFBF92078302}.Release|Any CPU.ActiveCfg = Release|Any CPU
		{95A12C9A-94F1-4E5A-A60D-AFBF92078302}.Release|Any CPU.Build.0 = Release|Any CPU
		{95A12C9A-94F1-4E5A-A60D-AFBF92078302}.Release|ARM64.ActiveCfg = Release|ARM64
		{95A12C9A-94F1-4E5A-A60D-AFBF92078302}.Release|ARM64.Build.0 = Release|ARM64
		{95A12C9A-94F1-4E5A-A60D-AFBF92078302}.Release|x64.ActiveCfg = Release|x64
		{95A12C9A-94F1-4E5A-A60D-AFBF92078302}.Release|x64.Build.0 = Release|x64
		{3F6EF5A7-9C6E-4695-9B7B-30324CDC4066}.Debug|Any CPU.ActiveCfg = Debug|Any CPU
		{3F6EF5A7-9C6E-4695-9B7B-30324CDC4066}.Debug|Any CPU.Build.0 = Debug|Any CPU
		{3F6EF5A7-9C6E-4695-9B7B-30324CDC4066}.Debug|ARM64.ActiveCfg = Debug|ARM64
		{3F6EF5A7-9C6E-4695-9B7B-30324CDC4066}.Debug|ARM64.Build.0 = Debug|ARM64
		{3F6EF5A7-9C6E-4695-9B7B-30324CDC4066}.Debug|x64.ActiveCfg = Debug|x64
		{3F6EF5A7-9C6E-4695-9B7B-30324CDC4066}.Debug|x64.Build.0 = Debug|x64
		{3F6EF5A7-9C6E-4695-9B7B-30324CDC4066}.Release|Any CPU.ActiveCfg = Release|Any CPU
		{3F6EF5A7-9C6E-4695-9B7B-30324CDC4066}.Release|Any CPU.Build.0 = Release|Any CPU
		{3F6EF5A7-9C6E-4695-9B7B-30324CDC4066}.Release|ARM64.ActiveCfg = Release|ARM64
		{3F6EF5A7-9C6E-4695-9B7B-30324CDC4066}.Release|ARM64.Build.0 = Release|ARM64
		{3F6EF5A7-9C6E-4695-9B7B-30324CDC4066}.Release|x64.ActiveCfg = Release|x64
		{3F6EF5A7-9C6E-4695-9B7B-30324CDC4066}.Release|x64.Build.0 = Release|x64
		{E4AEBB46-716E-42B0-BA1A-8C92BE095E18}.Debug|Any CPU.ActiveCfg = Debug|Any CPU
		{E4AEBB46-716E-42B0-BA1A-8C92BE095E18}.Debug|Any CPU.Build.0 = Debug|Any CPU
		{E4AEBB46-716E-42B0-BA1A-8C92BE095E18}.Debug|ARM64.ActiveCfg = Debug|ARM64
		{E4AEBB46-716E-42B0-BA1A-8C92BE095E18}.Debug|ARM64.Build.0 = Debug|ARM64
		{E4AEBB46-716E-42B0-BA1A-8C92BE095E18}.Debug|x64.ActiveCfg = Debug|x64
		{E4AEBB46-716E-42B0-BA1A-8C92BE095E18}.Debug|x64.Build.0 = Debug|x64
		{E4AEBB46-716E-42B0-BA1A-8C92BE095E18}.Release|Any CPU.ActiveCfg = Release|Any CPU
		{E4AEBB46-716E-42B0-BA1A-8C92BE095E18}.Release|Any CPU.Build.0 = Release|Any CPU
		{E4AEBB46-716E-42B0-BA1A-8C92BE095E18}.Release|ARM64.ActiveCfg = Release|ARM64
		{E4AEBB46-716E-42B0-BA1A-8C92BE095E18}.Release|ARM64.Build.0 = Release|ARM64
		{E4AEBB46-716E-42B0-BA1A-8C92BE095E18}.Release|x64.ActiveCfg = Release|x64
		{E4AEBB46-716E-42B0-BA1A-8C92BE095E18}.Release|x64.Build.0 = Release|x64
		{3CA8A185-8984-41EA-8443-97CC37E3092B}.Debug|Any CPU.ActiveCfg = Debug|Any CPU
		{3CA8A185-8984-41EA-8443-97CC37E3092B}.Debug|Any CPU.Build.0 = Debug|Any CPU
		{3CA8A185-8984-41EA-8443-97CC37E3092B}.Debug|ARM64.ActiveCfg = Debug|Any CPU
		{3CA8A185-8984-41EA-8443-97CC37E3092B}.Debug|ARM64.Build.0 = Debug|Any CPU
		{3CA8A185-8984-41EA-8443-97CC37E3092B}.Debug|x64.ActiveCfg = Debug|x64
		{3CA8A185-8984-41EA-8443-97CC37E3092B}.Debug|x64.Build.0 = Debug|x64
		{3CA8A185-8984-41EA-8443-97CC37E3092B}.Release|Any CPU.ActiveCfg = Release|Any CPU
		{3CA8A185-8984-41EA-8443-97CC37E3092B}.Release|Any CPU.Build.0 = Release|Any CPU
		{3CA8A185-8984-41EA-8443-97CC37E3092B}.Release|ARM64.ActiveCfg = Release|Any CPU
		{3CA8A185-8984-41EA-8443-97CC37E3092B}.Release|ARM64.Build.0 = Release|Any CPU
		{3CA8A185-8984-41EA-8443-97CC37E3092B}.Release|x64.ActiveCfg = Release|x64
		{3CA8A185-8984-41EA-8443-97CC37E3092B}.Release|x64.Build.0 = Release|x64
		{4BB01E7D-E4AE-472D-AA6E-08CC97C2F36E}.Debug|Any CPU.ActiveCfg = Debug|x64
		{4BB01E7D-E4AE-472D-AA6E-08CC97C2F36E}.Debug|Any CPU.Build.0 = Debug|x64
		{4BB01E7D-E4AE-472D-AA6E-08CC97C2F36E}.Debug|ARM64.ActiveCfg = Debug|ARM64
		{4BB01E7D-E4AE-472D-AA6E-08CC97C2F36E}.Debug|ARM64.Build.0 = Debug|ARM64
		{4BB01E7D-E4AE-472D-AA6E-08CC97C2F36E}.Debug|x64.ActiveCfg = Debug|x64
		{4BB01E7D-E4AE-472D-AA6E-08CC97C2F36E}.Debug|x64.Build.0 = Debug|x64
		{4BB01E7D-E4AE-472D-AA6E-08CC97C2F36E}.Release|Any CPU.ActiveCfg = Release|x64
		{4BB01E7D-E4AE-472D-AA6E-08CC97C2F36E}.Release|Any CPU.Build.0 = Release|x64
		{4BB01E7D-E4AE-472D-AA6E-08CC97C2F36E}.Release|ARM64.ActiveCfg = Release|ARM64
		{4BB01E7D-E4AE-472D-AA6E-08CC97C2F36E}.Release|ARM64.Build.0 = Release|ARM64
		{4BB01E7D-E4AE-472D-AA6E-08CC97C2F36E}.Release|x64.ActiveCfg = Release|x64
		{4BB01E7D-E4AE-472D-AA6E-08CC97C2F36E}.Release|x64.Build.0 = Release|x64
		{4F040067-5CEB-4D70-85D7-C71ABBCC6092}.Debug|Any CPU.ActiveCfg = Debug|Any CPU
		{4F040067-5CEB-4D70-85D7-C71ABBCC6092}.Debug|Any CPU.Build.0 = Debug|Any CPU
		{4F040067-5CEB-4D70-85D7-C71ABBCC6092}.Debug|ARM64.ActiveCfg = Debug|ARM64
		{4F040067-5CEB-4D70-85D7-C71ABBCC6092}.Debug|ARM64.Build.0 = Debug|ARM64
		{4F040067-5CEB-4D70-85D7-C71ABBCC6092}.Debug|x64.ActiveCfg = Debug|x64
		{4F040067-5CEB-4D70-85D7-C71ABBCC6092}.Debug|x64.Build.0 = Debug|x64
		{4F040067-5CEB-4D70-85D7-C71ABBCC6092}.Release|Any CPU.ActiveCfg = Release|Any CPU
		{4F040067-5CEB-4D70-85D7-C71ABBCC6092}.Release|Any CPU.Build.0 = Release|Any CPU
		{4F040067-5CEB-4D70-85D7-C71ABBCC6092}.Release|ARM64.ActiveCfg = Release|ARM64
		{4F040067-5CEB-4D70-85D7-C71ABBCC6092}.Release|ARM64.Build.0 = Release|ARM64
		{4F040067-5CEB-4D70-85D7-C71ABBCC6092}.Release|x64.ActiveCfg = Release|x64
		{4F040067-5CEB-4D70-85D7-C71ABBCC6092}.Release|x64.Build.0 = Release|x64
	EndGlobalSection
	GlobalSection(SolutionProperties) = preSolution
		HideSolutionNode = FALSE
	EndGlobalSection
	GlobalSection(NestedProjects) = preSolution
		{6E062311-B25D-42F3-978F-6868CED67942} = {1D4011D4-6726-43F6-83B1-5AF22757F1CB}
		{C21687C0-CBEF-43B0-A950-2D0BF31F5B92} = {1D4011D4-6726-43F6-83B1-5AF22757F1CB}
		{D1EDC50D-2C53-4339-B3C3-A9B0FFD1347D} = {C21687C0-CBEF-43B0-A950-2D0BF31F5B92}
		{FB95E20A-AB97-4799-9AC9-67D0C75769A3} = {C21687C0-CBEF-43B0-A950-2D0BF31F5B92}
		{69E076B4-5D89-4342-976D-C2E09C63DDA3} = {C21687C0-CBEF-43B0-A950-2D0BF31F5B92}
		{95A12C9A-94F1-4E5A-A60D-AFBF92078302} = {C21687C0-CBEF-43B0-A950-2D0BF31F5B92}
		{3F6EF5A7-9C6E-4695-9B7B-30324CDC4066} = {C21687C0-CBEF-43B0-A950-2D0BF31F5B92}
		{E4AEBB46-716E-42B0-BA1A-8C92BE095E18} = {106E86A2-3725-4D12-A986-247EA6AD6D86}
		{3CA8A185-8984-41EA-8443-97CC37E3092B} = {106E86A2-3725-4D12-A986-247EA6AD6D86}
		{4BB01E7D-E4AE-472D-AA6E-08CC97C2F36E} = {106E86A2-3725-4D12-A986-247EA6AD6D86}
		{4F040067-5CEB-4D70-85D7-C71ABBCC6092} = {106E86A2-3725-4D12-A986-247EA6AD6D86}
	EndGlobalSection
	GlobalSection(ExtensibilityGlobals) = postSolution
		SolutionGuid = {7346AAA8-ADE3-458F-8EDB-925B1505A7A8}
	EndGlobalSection
EndGlobal