<?xml version="1.0" encoding="utf-8"?>
<Project ToolsVersion="4.0" xmlns="http://schemas.microsoft.com/developer/msbuild/2003">
  <ItemGroup>
    <Filter Include="Headers Files">
      <UniqueIdentifier>{78cf0539-8ba2-4fd9-8f11-32a29a4077e1}</UniqueIdentifier>
    </Filter>
    <Filter Include="Source Files">
      <UniqueIdentifier>{8c89ede1-f41a-4feb-855a-304730b92507}</UniqueIdentifier>
    </Filter>
    <Filter Include="Resource">
      <UniqueIdentifier>{1561e960-b36f-4436-804f-19f23d27abad}</UniqueIdentifier>
    </Filter>
  </ItemGroup>
  <ItemGroup>
    <ClCompile Include="..\..\test\EngineIpIntelligenceTests.cpp">
      <Filter>Source Files</Filter>
    </ClCompile>
    <ClCompile Include="..\..\test\EngineIpiTestsFile.cpp">
      <Filter>Source Files</Filter>
    </ClCompile>
    <ClCompile Include="..\..\test\EngineIpiTestsMemory.cpp">
      <Filter>Source Files</Filter>
    </ClCompile>
    <ClCompile Include="..\..\test\ExampleProcTests.cpp">
      <Filter>Source Files</Filter>
    </ClCompile>
    <ClCompile Include="..\..\test\ExampleIpIntelligenceTests.cpp">
      <Filter>Source Files</Filter>
    </ClCompile>
    <ClCompile Include="..\..\test\ExampleStronglyTypedTests.cpp">
      <Filter>Source Files</Filter>
    </ClCompile>
    <ClCompile Include="..\..\test\ExampleReloadFromMemoryTests.cpp">
      <Filter>Source Files</Filter>
    </ClCompile>
    <ClCompile Include="..\..\test\ExampleReloadFromFileTests.cpp">
      <Filter>Source Files</Filter>
    </ClCompile>
    <ClCompile Include="..\..\test\ExamplePerformanceTests.cpp">
      <Filter>Source Files</Filter>
    </ClCompile>
    <ClCompile Include="..\..\test\ExampleOfflineProcessingTests.cpp">
      <Filter>Source Files</Filter>
    </ClCompile>
    <ClCompile Include="..\..\test\ExampleMemTests.cpp">
      <Filter>Source Files</Filter>
    </ClCompile>
    <ClCompile Include="..\..\test\ExampleGettingStartedTests.cpp">
      <Filter>Source Files</Filter>
    </ClCompile>
    <ClCompile Include="..\..\test\ExampleFindProfilesTests.cpp">
      <Filter>Source Files</Filter>
    </ClCompile>
    <ClCompile Include="..\..\src\common-cxx\tests\EngineTests.cpp">
      <Filter>Source Files</Filter>
    </ClCompile>
    <ClCompile Include="..\..\src\common-cxx\tests\Base.cpp">
      <Filter>Source Files</Filter>
    </ClCompile>
    <ClCompile Include="..\..\src\common-cxx\tests\ExampleTests.cpp">
      <Filter>Source Files</Filter>
    </ClCompile>
    <ClCompile Include="..\..\src\common-cxx\textfile.c">
      <Filter>Source Files</Filter>
    </ClCompile>
    <ClCompile Include="..\..\test\MemLeakReloadFromFileTests.cpp">
      <Filter>Source Files</Filter>
    </ClCompile>
    <ClCompile Include="..\..\test\ExamplePerformanceLegacyTests.cpp">
      <Filter>Source Files</Filter>
    </ClCompile>
  </ItemGroup>
  <ItemGroup>
    <ClInclude Include="..\..\src\common-cxx\tests\Base.hpp">
      <Filter>Headers Files</Filter>
    </ClInclude>
    <ClInclude Include="..\..\src\EngineIpi.hpp">
      <Filter>Headers Files</Filter>
    </ClInclude>
    <ClInclude Include="..\..\test\EngineIpIntelligenceTests.hpp">
      <Filter>Headers Files</Filter>
    </ClInclude>
    <ClInclude Include="..\..\src\common-cxx\tests\EngineTests.hpp">
      <Filter>Headers Files</Filter>
    </ClInclude>
    <ClInclude Include="..\..\test\ExampleIpIntelligenceTests.hpp">
      <Filter>Headers Files</Filter>
    </ClInclude>
    <ClInclude Include="..\..\src\common-cxx\tests\ExampleTests.hpp">
      <Filter>Headers Files</Filter>
    </ClInclude>
    <ClInclude Include="..\..\src\common-cxx\tests\pch.h">
      <Filter>Headers Files</Filter>
    </ClInclude>
    <ClInclude Include="..\..\src\common-cxx\textfile.h">
      <Filter>Headers Files</Filter>
    </ClInclude>
    <ClInclude Include="..\..\test\Constants.hpp">
      <Filter>Resource</Filter>
    </ClInclude>
    <ClInclude Include="..\..\src\GraphIpi.hpp">
      <Filter>Headers Files</Filter>
    </ClInclude>
    <ClInclude Include="..\..\test\GraphIpIntelligenceTests.hpp">
      <Filter>Headers Files</Filter>
    </ClInclude>
  </ItemGroup>
  <ItemGroup>
    <None Include="packages.config" />
  </ItemGroup>
</Project>